
Microsoft Visual Studio Solution File, Format Version 12.00
# Visual Studio Version 17
VisualStudioVersion = 17.0.31903.59
MinimumVisualStudioVersion = 10.0.40219.1
Project("{2150E333-8FDC-42A3-9474-1A3956D46DE8}") = "libraries", "libraries", "{D41DFE0B-89F2-4AAE-85D4-5F73C76B753D}"
EndProject
Project("{2150E333-8FDC-42A3-9474-1A3956D46DE8}") = "dotnet-age-cli", "dotnet-age-cli", "{D59E96A6-7B84-46E3-AC3F-C9CE3AAD333A}"
EndProject
Project("{FAE04EC0-301F-11D3-BF4B-00C04F79EFBC}") = "Devantler.AgeCLI", "libraries\dotnet-age-cli\Devantler.AgeCLI\Devantler.AgeCLI.csproj", "{79AD139A-234B-4483-8D28-8BAE2A5349C4}"
EndProject
Project("{FAE04EC0-301F-11D3-BF4B-00C04F79EFBC}") = "Devantler.AgeCLI.Tests", "libraries\dotnet-age-cli\Devantler.AgeCLI.Tests\Devantler.AgeCLI.Tests.csproj", "{5F6FFA37-1CA8-4B8C-B550-6C040326B752}"
EndProject
Project("{2150E333-8FDC-42A3-9474-1A3956D46DE8}") = "dotnet-cli-runner", "dotnet-cli-runner", "{87F76992-E88C-4B12-9FE5-E80E552D3B92}"
EndProject
Project("{FAE04EC0-301F-11D3-BF4B-00C04F79EFBC}") = "Devantler.CLIRunner", "libraries\dotnet-cli-runner\Devantler.CLIRunner\Devantler.CLIRunner.csproj", "{7C0C9771-63E2-4B18-B9A1-3C85C87C7BAD}"
EndProject
Project("{FAE04EC0-301F-11D3-BF4B-00C04F79EFBC}") = "Devantler.CLIRunner.Tests", "libraries\dotnet-cli-runner\Devantler.CLIRunner.Tests\Devantler.CLIRunner.Tests.csproj", "{80B0B0BD-ECDD-4AE0-8977-2DC12220B43F}"
EndProject
Project("{2150E333-8FDC-42A3-9474-1A3956D46DE8}") = "dotnet-template-engine", "dotnet-template-engine", "{E9FA4DD7-DF55-43FD-A17F-81835418B410}"
EndProject
Project("{FAE04EC0-301F-11D3-BF4B-00C04F79EFBC}") = "Devantler.TemplateEngine", "libraries\dotnet-template-engine\Devantler.TemplateEngine\Devantler.TemplateEngine.csproj", "{3A173A6E-3253-4772-AC71-3693C4FE6898}"
EndProject
Project("{FAE04EC0-301F-11D3-BF4B-00C04F79EFBC}") = "Devantler.TemplateEngine.Tests", "libraries\dotnet-template-engine\Devantler.TemplateEngine.Tests\Devantler.TemplateEngine.Tests.csproj", "{484DFDE2-0FD6-40CC-8562-4931B6E8B80F}"
EndProject
Project("{2150E333-8FDC-42A3-9474-1A3956D46DE8}") = "projects", "projects", "{7B1758E0-B93A-4A33-A8F1-8595AE7495ED}"
EndProject
Project("{2150E333-8FDC-42A3-9474-1A3956D46DE8}") = "ksail", "ksail", "{0DFB4039-B365-44EE-BF25-7532544867FD}"
EndProject
Project("{FAE04EC0-301F-11D3-BF4B-00C04F79EFBC}") = "KSail", "projects\ksail\KSail\KSail.csproj", "{0F02B11D-E315-4B90-B112-4A5FC4D75992}"
EndProject
Project("{2150E333-8FDC-42A3-9474-1A3956D46DE8}") = "dotnet-keys", "dotnet-keys", "{AA1B1CAE-D2AC-4B84-BAE8-B529DB7E9F9F}"
EndProject
Project("{FAE04EC0-301F-11D3-BF4B-00C04F79EFBC}") = "Devantler.Keys.Age", "libraries\dotnet-keys\Devantler.Keys.Age\Devantler.Keys.Age.csproj", "{5791D474-DDEA-49C8-BBDD-58DACD53EC91}"
EndProject
Project("{FAE04EC0-301F-11D3-BF4B-00C04F79EFBC}") = "Devantler.Keys.Core", "libraries\dotnet-keys\Devantler.Keys.Core\Devantler.Keys.Core.csproj", "{39BDE587-9EFA-4723-9C45-D906C4D8EB25}"
EndProject
Project("{2150E333-8FDC-42A3-9474-1A3956D46DE8}") = "dotnet-key-manager", "dotnet-key-manager", "{51AFD93D-16EA-48A5-B139-D2F6D3849E22}"
EndProject
Project("{FAE04EC0-301F-11D3-BF4B-00C04F79EFBC}") = "Devantler.KeyManager.Core", "libraries\dotnet-key-manager\Devantler.KeyManager.Core\Devantler.KeyManager.Core.csproj", "{DA40CB3B-4EAC-40CA-BC59-4CCDC75A20D6}"
EndProject
Project("{FAE04EC0-301F-11D3-BF4B-00C04F79EFBC}") = "Devantler.KeyManager.Local.Age", "libraries\dotnet-key-manager\Devantler.KeyManager.Local.Age\Devantler.KeyManager.Local.Age.csproj", "{E71C9E0C-A3E1-498F-B4E3-BDCD6C9CF32B}"
EndProject
Project("{FAE04EC0-301F-11D3-BF4B-00C04F79EFBC}") = "Devantler.KeyManager.Local.Age.Tests", "libraries\dotnet-key-manager\Devantler.KeyManager.Local.Age.Tests\Devantler.KeyManager.Local.Age.Tests.csproj", "{56EC754B-9594-4A5A-A11D-B7A335EC2116}"
EndProject
Project("{2150E333-8FDC-42A3-9474-1A3956D46DE8}") = "dotnet-kubernetes-generator", "dotnet-kubernetes-generator", "{9F058515-BEC3-402D-B405-648F5B38BDEB}"
EndProject
Project("{FAE04EC0-301F-11D3-BF4B-00C04F79EFBC}") = "Devantler.Keys.Age.Tests", "libraries\dotnet-keys\Devantler.Keys.Age.Tests\Devantler.Keys.Age.Tests.csproj", "{653629C2-9D04-46C1-9BB7-7E6EE7BDEA8C}"
EndProject
Project("{FAE04EC0-301F-11D3-BF4B-00C04F79EFBC}") = "Devantler.KubernetesGenerator.Kustomize", "libraries\dotnet-kubernetes-generator\Devantler.KubernetesGenerator.Kustomize\Devantler.KubernetesGenerator.Kustomize.csproj", "{8331B7E5-E789-4E45-86DB-961C4C396A47}"
EndProject
Project("{FAE04EC0-301F-11D3-BF4B-00C04F79EFBC}") = "Devantler.KubernetesGenerator.Kustomize.Tests", "libraries\dotnet-kubernetes-generator\Devantler.KubernetesGenerator.Kustomize.Tests\Devantler.KubernetesGenerator.Kustomize.Tests.csproj", "{BF3F1B3D-3C33-4702-A275-3BB9B4FDFF3E}"
EndProject
Project("{FAE04EC0-301F-11D3-BF4B-00C04F79EFBC}") = "Devantler.KubernetesGenerator.Core", "libraries\dotnet-kubernetes-generator\Devantler.KubernetesGenerator.Core\Devantler.KubernetesGenerator.Core.csproj", "{65E93A0D-9A89-41A7-8A26-34937A541F78}"
EndProject
Project("{FAE04EC0-301F-11D3-BF4B-00C04F79EFBC}") = "Devantler.KubernetesGenerator.Flux", "libraries\dotnet-kubernetes-generator\Devantler.KubernetesGenerator.Flux\Devantler.KubernetesGenerator.Flux.csproj", "{69B23A3A-4D5D-4DC6-9F7F-2EFAEFCB030C}"
EndProject
Project("{FAE04EC0-301F-11D3-BF4B-00C04F79EFBC}") = "Devantler.KubernetesGenerator.Flux.Tests", "libraries\dotnet-kubernetes-generator\Devantler.KubernetesGenerator.Flux.Tests\Devantler.KubernetesGenerator.Flux.Tests.csproj", "{701749AA-6C0E-4CC5-9270-179069DEDC72}"
EndProject
Project("{FAE04EC0-301F-11D3-BF4B-00C04F79EFBC}") = "Devantler.KubernetesGenerator.K3d", "libraries\dotnet-kubernetes-generator\Devantler.KubernetesGenerator.K3d\Devantler.KubernetesGenerator.K3d.csproj", "{186E505E-88BA-43B4-8AD5-9FCDFE516BD9}"
EndProject
Project("{FAE04EC0-301F-11D3-BF4B-00C04F79EFBC}") = "Devantler.KubernetesGenerator.K3d.Tests", "libraries\dotnet-kubernetes-generator\Devantler.KubernetesGenerator.K3d.Tests\Devantler.KubernetesGenerator.K3d.Tests.csproj", "{8D770324-D2C5-4689-B2E3-CA1557B0DEE5}"
EndProject
Project("{FAE04EC0-301F-11D3-BF4B-00C04F79EFBC}") = "Devantler.KubernetesGenerator.Native", "libraries\dotnet-kubernetes-generator\Devantler.KubernetesGenerator.Native\Devantler.KubernetesGenerator.Native.csproj", "{07FB64B4-250F-4A04-882B-495BA6429AA9}"
EndProject
Project("{FAE04EC0-301F-11D3-BF4B-00C04F79EFBC}") = "Devantler.KubernetesGenerator.Native.Tests", "libraries\dotnet-kubernetes-generator\Devantler.KubernetesGenerator.Native.Tests\Devantler.KubernetesGenerator.Native.Tests.csproj", "{8B3D894C-92E3-461C-8B6C-951B3A4EE4AB}"
EndProject
Project("{FAE04EC0-301F-11D3-BF4B-00C04F79EFBC}") = "Devantler.KubernetesGenerator.KSail", "libraries\dotnet-kubernetes-generator\Devantler.KubernetesGenerator.KSail\Devantler.KubernetesGenerator.KSail.csproj", "{3A646495-FC2C-4FEF-A526-F24A3A4A8709}"
EndProject
Project("{FAE04EC0-301F-11D3-BF4B-00C04F79EFBC}") = "Devantler.KubernetesGenerator.KSail.Tests", "libraries\dotnet-kubernetes-generator\Devantler.KubernetesGenerator.KSail.Tests\Devantler.KubernetesGenerator.KSail.Tests.csproj", "{3979C33F-C2CA-4D39-996F-A194ECB3D968}"
EndProject
Project("{FAE04EC0-301F-11D3-BF4B-00C04F79EFBC}") = "KSail.Tests", "projects\ksail\KSail.Tests\KSail.Tests.csproj", "{77B3A77F-0259-4715-8D09-8497E9FE512F}"
EndProject
Project("{FAE04EC0-301F-11D3-BF4B-00C04F79EFBC}") = "Devantler.KubernetesGenerator.CertManager", "libraries\dotnet-kubernetes-generator\Devantler.KubernetesGenerator.CertManager\Devantler.KubernetesGenerator.CertManager.csproj", "{8DB10F98-485F-4A2E-9D2B-D5FAB569B26E}"
EndProject
Project("{FAE04EC0-301F-11D3-BF4B-00C04F79EFBC}") = "Devantler.KubernetesGenerator.CertManager.Tests", "libraries\dotnet-kubernetes-generator\Devantler.KubernetesGenerator.CertManager.Tests\Devantler.KubernetesGenerator.CertManager.Tests.csproj", "{34F94ABE-9BF5-47E8-8EFB-7D16DDB80851}"
EndProject
Project("{2150E333-8FDC-42A3-9474-1A3956D46DE8}") = "dotnet-k3d-cli", "dotnet-k3d-cli", "{61191DAE-2998-4D04-8AF4-0524F39F9B8C}"
EndProject
Project("{FAE04EC0-301F-11D3-BF4B-00C04F79EFBC}") = "Devantler.K3dCLI", "libraries\dotnet-k3d-cli\Devantler.K3dCLI\Devantler.K3dCLI.csproj", "{49DF4A0F-E18D-4024-AC77-EEAF6C83B26D}"
EndProject
Project("{FAE04EC0-301F-11D3-BF4B-00C04F79EFBC}") = "Devantler.K3dCLI.Tests", "libraries\dotnet-k3d-cli\Devantler.K3dCLI.Tests\Devantler.K3dCLI.Tests.csproj", "{054ACA0D-7699-4DEB-9B6F-4957EBCB860A}"
EndProject
Project("{2150E333-8FDC-42A3-9474-1A3956D46DE8}") = "dotnet-kubernetes-provisioner", "dotnet-kubernetes-provisioner", "{4B6B2AE1-A393-45D3-B06A-7701DA8AB63A}"
EndProject
Project("{FAE04EC0-301F-11D3-BF4B-00C04F79EFBC}") = "Devantler.KubernetesProvisioner.Cluster.Core", "libraries\dotnet-kubernetes-provisioner\Devantler.KubernetesProvisioner.Cluster.Core\Devantler.KubernetesProvisioner.Cluster.Core.csproj", "{D4AF6E67-4108-4EEB-B33C-51D9E47D4767}"
EndProject
Project("{FAE04EC0-301F-11D3-BF4B-00C04F79EFBC}") = "Devantler.KubernetesProvisioner.Cluster.K3d", "libraries\dotnet-kubernetes-provisioner\Devantler.KubernetesProvisioner.Cluster.K3d\Devantler.KubernetesProvisioner.Cluster.K3d.csproj", "{EFC2AA1F-7656-41CD-ADAC-62DFC14CB226}"
EndProject
Project("{FAE04EC0-301F-11D3-BF4B-00C04F79EFBC}") = "Devantler.KubernetesProvisioner.Cluster.Kind", "libraries\dotnet-kubernetes-provisioner\Devantler.KubernetesProvisioner.Cluster.Kind\Devantler.KubernetesProvisioner.Cluster.Kind.csproj", "{1B4D9B71-E427-485C-83B1-E1CEBE1CA124}"
EndProject
Project("{2150E333-8FDC-42A3-9474-1A3956D46DE8}") = "dotnet-kind-cli", "dotnet-kind-cli", "{B78DD166-3F94-4A2F-A2E3-BFB89A4EF832}"
EndProject
Project("{FAE04EC0-301F-11D3-BF4B-00C04F79EFBC}") = "Devantler.KindCLI.Tests", "libraries\dotnet-kind-cli\Devantler.KindCLI.Tests\Devantler.KindCLI.Tests.csproj", "{03A63C72-D603-439D-80C0-E1B9448C3CA4}"
EndProject
Project("{FAE04EC0-301F-11D3-BF4B-00C04F79EFBC}") = "Devantler.KindCLI", "libraries\dotnet-kind-cli\Devantler.KindCLI\Devantler.KindCLI.csproj", "{D4FE1CE2-0AC8-4BA9-A176-219D3B989D4F}"
EndProject
Project("{FAE04EC0-301F-11D3-BF4B-00C04F79EFBC}") = "Devantler.KubernetesProvisioner.Cluster.Kind.Tests", "libraries\dotnet-kubernetes-provisioner\Devantler.KubernetesProvisioner.Cluster.Kind.Tests\Devantler.KubernetesProvisioner.Cluster.Kind.Tests.csproj", "{2485C9E4-0831-4F9D-83EB-F189B7B535F3}"
EndProject
Project("{FAE04EC0-301F-11D3-BF4B-00C04F79EFBC}") = "Devantler.KubernetesProvisioner.Cluster.K3d.Tests", "libraries\dotnet-kubernetes-provisioner\Devantler.KubernetesProvisioner.Cluster.K3d.Tests\Devantler.KubernetesProvisioner.Cluster.K3d.Tests.csproj", "{B5D8107C-2CC3-455E-B048-88537CB04F15}"
EndProject
Project("{FAE04EC0-301F-11D3-BF4B-00C04F79EFBC}") = "Devantler.KubernetesProvisioner.Resources.Native.Tests", "libraries\dotnet-kubernetes-provisioner\Devantler.KubernetesProvisioner.Resources.Native.Tests\Devantler.KubernetesProvisioner.Resources.Native.Tests.csproj", "{F5687D58-346F-4BB3-8C26-0CC725E97F37}"
EndProject
Project("{FAE04EC0-301F-11D3-BF4B-00C04F79EFBC}") = "Devantler.KubernetesProvisioner.Resources.Native", "libraries\dotnet-kubernetes-provisioner\Devantler.KubernetesProvisioner.Resources.Native\Devantler.KubernetesProvisioner.Resources.Native.csproj", "{7C628538-3227-4F27-A8BF-89EAD86D8F9E}"
EndProject
Project("{2150E333-8FDC-42A3-9474-1A3956D46DE8}") = "dotnet-container-engine-provisioner", "dotnet-container-engine-provisioner", "{477CC396-0DA9-4C1A-8120-AD7D9FF6AA4A}"
EndProject
Project("{FAE04EC0-301F-11D3-BF4B-00C04F79EFBC}") = "Devantler.ContainerEngineProvisioner.Core", "libraries\dotnet-container-engine-provisioner\Devantler.ContainerEngineProvisioner.Core\Devantler.ContainerEngineProvisioner.Core.csproj", "{992C16F1-4655-461A-B3D9-289C99C67D54}"
EndProject
Project("{FAE04EC0-301F-11D3-BF4B-00C04F79EFBC}") = "Devantler.ContainerEngineProvisioner.Docker", "libraries\dotnet-container-engine-provisioner\Devantler.ContainerEngineProvisioner.Docker\Devantler.ContainerEngineProvisioner.Docker.csproj", "{ECA21A98-D370-4298-AF18-9AB0040A8934}"
EndProject
Project("{2150E333-8FDC-42A3-9474-1A3956D46DE8}") = "dotnet-flux-cli", "dotnet-flux-cli", "{382602D8-1C2F-4BD8-BF10-E92E1339E21B}"
EndProject
Project("{FAE04EC0-301F-11D3-BF4B-00C04F79EFBC}") = "Devantler.FluxCLI", "libraries\dotnet-flux-cli\Devantler.FluxCLI\Devantler.FluxCLI.csproj", "{3E2DC336-4491-4A20-B333-6098ECAA47A6}"
EndProject
Project("{FAE04EC0-301F-11D3-BF4B-00C04F79EFBC}") = "Devantler.FluxCLI.Tests", "libraries\dotnet-flux-cli\Devantler.FluxCLI.Tests\Devantler.FluxCLI.Tests.csproj", "{75D01330-B6ED-4062-B807-A20CC89DDF5C}"
EndProject
Project("{FAE04EC0-301F-11D3-BF4B-00C04F79EFBC}") = "Devantler.KubernetesProvisioner.GitOps.Core", "libraries\dotnet-kubernetes-provisioner\Devantler.KubernetesProvisioner.GitOps.Core\Devantler.KubernetesProvisioner.GitOps.Core.csproj", "{773D0DF2-420F-4775-837C-3166407A3701}"
EndProject
Project("{FAE04EC0-301F-11D3-BF4B-00C04F79EFBC}") = "Devantler.KubernetesProvisioner.GitOps.Flux", "libraries\dotnet-kubernetes-provisioner\Devantler.KubernetesProvisioner.GitOps.Flux\Devantler.KubernetesProvisioner.GitOps.Flux.csproj", "{8CE924A2-36B0-461E-A5AF-447CE208556A}"
EndProject
Project("{FAE04EC0-301F-11D3-BF4B-00C04F79EFBC}") = "Devantler.KubernetesProvisioner.GitOps.Flux.Tests", "libraries\dotnet-kubernetes-provisioner\Devantler.KubernetesProvisioner.GitOps.Flux.Tests\Devantler.KubernetesProvisioner.GitOps.Flux.Tests.csproj", "{54D4CE23-CC00-4C54-9C92-D1FD1C067D24}"
EndProject
Project("{2150E333-8FDC-42A3-9474-1A3956D46DE8}") = "dotnet-k9s-cli", "dotnet-k9s-cli", "{9CFB1B89-05FC-426C-AA8E-EA3EE54E2D50}"
EndProject
Project("{FAE04EC0-301F-11D3-BF4B-00C04F79EFBC}") = "Devantler.K9sCLI", "libraries\dotnet-k9s-cli\Devantler.K9sCLI\Devantler.K9sCLI.csproj", "{1FEF250F-64C6-4B4E-99D2-BC17D445F465}"
EndProject
Project("{FAE04EC0-301F-11D3-BF4B-00C04F79EFBC}") = "Devantler.K9sCLI.Tests", "libraries\dotnet-k9s-cli\Devantler.K9sCLI.Tests\Devantler.K9sCLI.Tests.csproj", "{D8A63E1C-CA2A-4D31-BED8-4A94AB749A70}"
EndProject
Project("{2150E333-8FDC-42A3-9474-1A3956D46DE8}") = "data-product", "data-product", "{DF3B70C4-8DA1-4CC5-AB5A-5EC0AC0C661A}"
EndProject
Project("{2150E333-8FDC-42A3-9474-1A3956D46DE8}") = "src", "src", "{A5DA5201-D2FD-4C08-B18F-2B343836E0E2}"
EndProject
Project("{FAE04EC0-301F-11D3-BF4B-00C04F79EFBC}") = "Devantler.DataProduct", "projects\data-product\src\Devantler.DataProduct\Devantler.DataProduct.csproj", "{A3DC1E79-8733-4C05-95D1-D3BE87F870D6}"
EndProject
Project("{FAE04EC0-301F-11D3-BF4B-00C04F79EFBC}") = "Devantler.DataProduct.Configuration", "projects\data-product\src\Devantler.DataProduct.Configuration\Devantler.DataProduct.Configuration.csproj", "{704ECAC7-1B3D-48AC-9FFB-928ACC4CCBCF}"
EndProject
Project("{FAE04EC0-301F-11D3-BF4B-00C04F79EFBC}") = "Devantler.DataProduct.Generator", "projects\data-product\src\Devantler.DataProduct.Generator\Devantler.DataProduct.Generator.csproj", "{03AC25B7-6B8A-4C3C-9E4D-AE6AD771E496}"
EndProject
Project("{FAE04EC0-301F-11D3-BF4B-00C04F79EFBC}") = "Devantler.SchemaRegistry.Client", "projects\data-product\src\Devantler.SchemaRegistry.Client\Devantler.SchemaRegistry.Client.csproj", "{6443DF7F-B4E5-4DFF-AC41-3661DF8B8297}"
EndProject
Project("{2150E333-8FDC-42A3-9474-1A3956D46DE8}") = "tests", "tests", "{F8FC181E-926C-41D8-BB76-015BA6E9006B}"
EndProject
Project("{FAE04EC0-301F-11D3-BF4B-00C04F79EFBC}") = "Devantler.DataProduct.Configuration.Tests.Unit", "projects\data-product\tests\Devantler.DataProduct.Configuration.Tests.Unit\Devantler.DataProduct.Configuration.Tests.Unit.csproj", "{49F1623C-DC14-4D71-89A7-D26B8BCE2DBF}"
EndProject
Project("{FAE04EC0-301F-11D3-BF4B-00C04F79EFBC}") = "Devantler.DataProduct.Generator.Tests.Unit", "projects\data-product\tests\Devantler.DataProduct.Generator.Tests.Unit\Devantler.DataProduct.Generator.Tests.Unit.csproj", "{A50F6496-9252-4A56-9491-3CE9A0745224}"
EndProject
Project("{FAE04EC0-301F-11D3-BF4B-00C04F79EFBC}") = "KSail.Models", "projects\ksail\KSail.Models\KSail.Models.csproj", "{F14FA298-16D0-4DF2-954D-E5EE3B27E7F1}"
EndProject
Project("{FAE04EC0-301F-11D3-BF4B-00C04F79EFBC}") = "Devantler.KubernetesGenerator.Kind", "libraries\dotnet-kubernetes-generator\Devantler.KubernetesGenerator.Kind\Devantler.KubernetesGenerator.Kind.csproj", "{34D3B7C0-25F9-45BA-B8A8-2A3DD3062B2F}"
EndProject
Project("{FAE04EC0-301F-11D3-BF4B-00C04F79EFBC}") = "Devantler.KubernetesGenerator.Kind.Tests", "libraries\dotnet-kubernetes-generator\Devantler.KubernetesGenerator.Kind.Tests\Devantler.KubernetesGenerator.Kind.Tests.csproj", "{3D57722B-C377-4664-BE8A-F2152460E0B2}"
EndProject
Project("{2150E333-8FDC-42A3-9474-1A3956D46DE8}") = "dotnet-kubeconform-cli", "dotnet-kubeconform-cli", "{81370C1E-B381-4424-AC1B-B953210FB636}"
EndProject
Project("{FAE04EC0-301F-11D3-BF4B-00C04F79EFBC}") = "Devantler.KubeconformCLI.Tests", "libraries\dotnet-kubeconform-cli\Devantler.KubeconformCLI.Tests\Devantler.KubeconformCLI.Tests.csproj", "{1E2C8FF2-FE42-4697-8D32-DFC0E2CE4925}"
EndProject
Project("{FAE04EC0-301F-11D3-BF4B-00C04F79EFBC}") = "Devantler.KubeconformCLI", "libraries\dotnet-kubeconform-cli\Devantler.KubeconformCLI\Devantler.KubeconformCLI.csproj", "{514095BF-35A4-44A0-B147-892BB29AE9A3}"
EndProject
Global
	GlobalSection(SolutionConfigurationPlatforms) = preSolution
		Debug|Any CPU = Debug|Any CPU
		Release|Any CPU = Release|Any CPU
	EndGlobalSection
	GlobalSection(ProjectConfigurationPlatforms) = postSolution
		{79AD139A-234B-4483-8D28-8BAE2A5349C4}.Debug|Any CPU.ActiveCfg = Debug|Any CPU
		{79AD139A-234B-4483-8D28-8BAE2A5349C4}.Debug|Any CPU.Build.0 = Debug|Any CPU
		{79AD139A-234B-4483-8D28-8BAE2A5349C4}.Release|Any CPU.ActiveCfg = Release|Any CPU
		{79AD139A-234B-4483-8D28-8BAE2A5349C4}.Release|Any CPU.Build.0 = Release|Any CPU
		{5F6FFA37-1CA8-4B8C-B550-6C040326B752}.Debug|Any CPU.ActiveCfg = Debug|Any CPU
		{5F6FFA37-1CA8-4B8C-B550-6C040326B752}.Debug|Any CPU.Build.0 = Debug|Any CPU
		{5F6FFA37-1CA8-4B8C-B550-6C040326B752}.Release|Any CPU.ActiveCfg = Release|Any CPU
		{5F6FFA37-1CA8-4B8C-B550-6C040326B752}.Release|Any CPU.Build.0 = Release|Any CPU
		{7C0C9771-63E2-4B18-B9A1-3C85C87C7BAD}.Debug|Any CPU.ActiveCfg = Debug|Any CPU
		{7C0C9771-63E2-4B18-B9A1-3C85C87C7BAD}.Debug|Any CPU.Build.0 = Debug|Any CPU
		{7C0C9771-63E2-4B18-B9A1-3C85C87C7BAD}.Release|Any CPU.ActiveCfg = Release|Any CPU
		{7C0C9771-63E2-4B18-B9A1-3C85C87C7BAD}.Release|Any CPU.Build.0 = Release|Any CPU
		{80B0B0BD-ECDD-4AE0-8977-2DC12220B43F}.Debug|Any CPU.ActiveCfg = Debug|Any CPU
		{80B0B0BD-ECDD-4AE0-8977-2DC12220B43F}.Debug|Any CPU.Build.0 = Debug|Any CPU
		{80B0B0BD-ECDD-4AE0-8977-2DC12220B43F}.Release|Any CPU.ActiveCfg = Release|Any CPU
		{80B0B0BD-ECDD-4AE0-8977-2DC12220B43F}.Release|Any CPU.Build.0 = Release|Any CPU
		{3A173A6E-3253-4772-AC71-3693C4FE6898}.Debug|Any CPU.ActiveCfg = Debug|Any CPU
		{3A173A6E-3253-4772-AC71-3693C4FE6898}.Debug|Any CPU.Build.0 = Debug|Any CPU
		{3A173A6E-3253-4772-AC71-3693C4FE6898}.Release|Any CPU.ActiveCfg = Release|Any CPU
		{3A173A6E-3253-4772-AC71-3693C4FE6898}.Release|Any CPU.Build.0 = Release|Any CPU
		{484DFDE2-0FD6-40CC-8562-4931B6E8B80F}.Debug|Any CPU.ActiveCfg = Debug|Any CPU
		{484DFDE2-0FD6-40CC-8562-4931B6E8B80F}.Debug|Any CPU.Build.0 = Debug|Any CPU
		{484DFDE2-0FD6-40CC-8562-4931B6E8B80F}.Release|Any CPU.ActiveCfg = Release|Any CPU
		{484DFDE2-0FD6-40CC-8562-4931B6E8B80F}.Release|Any CPU.Build.0 = Release|Any CPU
		{0F02B11D-E315-4B90-B112-4A5FC4D75992}.Debug|Any CPU.ActiveCfg = Debug|Any CPU
		{0F02B11D-E315-4B90-B112-4A5FC4D75992}.Debug|Any CPU.Build.0 = Debug|Any CPU
		{0F02B11D-E315-4B90-B112-4A5FC4D75992}.Release|Any CPU.ActiveCfg = Release|Any CPU
		{0F02B11D-E315-4B90-B112-4A5FC4D75992}.Release|Any CPU.Build.0 = Release|Any CPU
		{5791D474-DDEA-49C8-BBDD-58DACD53EC91}.Debug|Any CPU.ActiveCfg = Debug|Any CPU
		{5791D474-DDEA-49C8-BBDD-58DACD53EC91}.Debug|Any CPU.Build.0 = Debug|Any CPU
		{5791D474-DDEA-49C8-BBDD-58DACD53EC91}.Release|Any CPU.ActiveCfg = Release|Any CPU
		{5791D474-DDEA-49C8-BBDD-58DACD53EC91}.Release|Any CPU.Build.0 = Release|Any CPU
		{39BDE587-9EFA-4723-9C45-D906C4D8EB25}.Debug|Any CPU.ActiveCfg = Debug|Any CPU
		{39BDE587-9EFA-4723-9C45-D906C4D8EB25}.Debug|Any CPU.Build.0 = Debug|Any CPU
		{39BDE587-9EFA-4723-9C45-D906C4D8EB25}.Release|Any CPU.ActiveCfg = Release|Any CPU
		{39BDE587-9EFA-4723-9C45-D906C4D8EB25}.Release|Any CPU.Build.0 = Release|Any CPU
		{DA40CB3B-4EAC-40CA-BC59-4CCDC75A20D6}.Debug|Any CPU.ActiveCfg = Debug|Any CPU
		{DA40CB3B-4EAC-40CA-BC59-4CCDC75A20D6}.Debug|Any CPU.Build.0 = Debug|Any CPU
		{DA40CB3B-4EAC-40CA-BC59-4CCDC75A20D6}.Release|Any CPU.ActiveCfg = Release|Any CPU
		{DA40CB3B-4EAC-40CA-BC59-4CCDC75A20D6}.Release|Any CPU.Build.0 = Release|Any CPU
		{E71C9E0C-A3E1-498F-B4E3-BDCD6C9CF32B}.Debug|Any CPU.ActiveCfg = Debug|Any CPU
		{E71C9E0C-A3E1-498F-B4E3-BDCD6C9CF32B}.Debug|Any CPU.Build.0 = Debug|Any CPU
		{E71C9E0C-A3E1-498F-B4E3-BDCD6C9CF32B}.Release|Any CPU.ActiveCfg = Release|Any CPU
		{E71C9E0C-A3E1-498F-B4E3-BDCD6C9CF32B}.Release|Any CPU.Build.0 = Release|Any CPU
		{56EC754B-9594-4A5A-A11D-B7A335EC2116}.Debug|Any CPU.ActiveCfg = Debug|Any CPU
		{56EC754B-9594-4A5A-A11D-B7A335EC2116}.Debug|Any CPU.Build.0 = Debug|Any CPU
		{56EC754B-9594-4A5A-A11D-B7A335EC2116}.Release|Any CPU.ActiveCfg = Release|Any CPU
		{56EC754B-9594-4A5A-A11D-B7A335EC2116}.Release|Any CPU.Build.0 = Release|Any CPU
		{653629C2-9D04-46C1-9BB7-7E6EE7BDEA8C}.Debug|Any CPU.ActiveCfg = Debug|Any CPU
		{653629C2-9D04-46C1-9BB7-7E6EE7BDEA8C}.Debug|Any CPU.Build.0 = Debug|Any CPU
		{653629C2-9D04-46C1-9BB7-7E6EE7BDEA8C}.Release|Any CPU.ActiveCfg = Release|Any CPU
		{653629C2-9D04-46C1-9BB7-7E6EE7BDEA8C}.Release|Any CPU.Build.0 = Release|Any CPU
		{8331B7E5-E789-4E45-86DB-961C4C396A47}.Debug|Any CPU.ActiveCfg = Debug|Any CPU
		{8331B7E5-E789-4E45-86DB-961C4C396A47}.Debug|Any CPU.Build.0 = Debug|Any CPU
		{8331B7E5-E789-4E45-86DB-961C4C396A47}.Release|Any CPU.ActiveCfg = Release|Any CPU
		{8331B7E5-E789-4E45-86DB-961C4C396A47}.Release|Any CPU.Build.0 = Release|Any CPU
		{BF3F1B3D-3C33-4702-A275-3BB9B4FDFF3E}.Debug|Any CPU.ActiveCfg = Debug|Any CPU
		{BF3F1B3D-3C33-4702-A275-3BB9B4FDFF3E}.Debug|Any CPU.Build.0 = Debug|Any CPU
		{BF3F1B3D-3C33-4702-A275-3BB9B4FDFF3E}.Release|Any CPU.ActiveCfg = Release|Any CPU
		{BF3F1B3D-3C33-4702-A275-3BB9B4FDFF3E}.Release|Any CPU.Build.0 = Release|Any CPU
		{65E93A0D-9A89-41A7-8A26-34937A541F78}.Debug|Any CPU.ActiveCfg = Debug|Any CPU
		{65E93A0D-9A89-41A7-8A26-34937A541F78}.Debug|Any CPU.Build.0 = Debug|Any CPU
		{65E93A0D-9A89-41A7-8A26-34937A541F78}.Release|Any CPU.ActiveCfg = Release|Any CPU
		{65E93A0D-9A89-41A7-8A26-34937A541F78}.Release|Any CPU.Build.0 = Release|Any CPU
		{69B23A3A-4D5D-4DC6-9F7F-2EFAEFCB030C}.Debug|Any CPU.ActiveCfg = Debug|Any CPU
		{69B23A3A-4D5D-4DC6-9F7F-2EFAEFCB030C}.Debug|Any CPU.Build.0 = Debug|Any CPU
		{69B23A3A-4D5D-4DC6-9F7F-2EFAEFCB030C}.Release|Any CPU.ActiveCfg = Release|Any CPU
		{69B23A3A-4D5D-4DC6-9F7F-2EFAEFCB030C}.Release|Any CPU.Build.0 = Release|Any CPU
		{701749AA-6C0E-4CC5-9270-179069DEDC72}.Debug|Any CPU.ActiveCfg = Debug|Any CPU
		{701749AA-6C0E-4CC5-9270-179069DEDC72}.Debug|Any CPU.Build.0 = Debug|Any CPU
		{701749AA-6C0E-4CC5-9270-179069DEDC72}.Release|Any CPU.ActiveCfg = Release|Any CPU
		{701749AA-6C0E-4CC5-9270-179069DEDC72}.Release|Any CPU.Build.0 = Release|Any CPU
		{186E505E-88BA-43B4-8AD5-9FCDFE516BD9}.Debug|Any CPU.ActiveCfg = Debug|Any CPU
		{186E505E-88BA-43B4-8AD5-9FCDFE516BD9}.Debug|Any CPU.Build.0 = Debug|Any CPU
		{186E505E-88BA-43B4-8AD5-9FCDFE516BD9}.Release|Any CPU.ActiveCfg = Release|Any CPU
		{186E505E-88BA-43B4-8AD5-9FCDFE516BD9}.Release|Any CPU.Build.0 = Release|Any CPU
		{8D770324-D2C5-4689-B2E3-CA1557B0DEE5}.Debug|Any CPU.ActiveCfg = Debug|Any CPU
		{8D770324-D2C5-4689-B2E3-CA1557B0DEE5}.Debug|Any CPU.Build.0 = Debug|Any CPU
		{8D770324-D2C5-4689-B2E3-CA1557B0DEE5}.Release|Any CPU.ActiveCfg = Release|Any CPU
		{8D770324-D2C5-4689-B2E3-CA1557B0DEE5}.Release|Any CPU.Build.0 = Release|Any CPU
		{07FB64B4-250F-4A04-882B-495BA6429AA9}.Debug|Any CPU.ActiveCfg = Debug|Any CPU
		{07FB64B4-250F-4A04-882B-495BA6429AA9}.Debug|Any CPU.Build.0 = Debug|Any CPU
		{07FB64B4-250F-4A04-882B-495BA6429AA9}.Release|Any CPU.ActiveCfg = Release|Any CPU
		{07FB64B4-250F-4A04-882B-495BA6429AA9}.Release|Any CPU.Build.0 = Release|Any CPU
		{8B3D894C-92E3-461C-8B6C-951B3A4EE4AB}.Debug|Any CPU.ActiveCfg = Debug|Any CPU
		{8B3D894C-92E3-461C-8B6C-951B3A4EE4AB}.Debug|Any CPU.Build.0 = Debug|Any CPU
		{8B3D894C-92E3-461C-8B6C-951B3A4EE4AB}.Release|Any CPU.ActiveCfg = Release|Any CPU
		{8B3D894C-92E3-461C-8B6C-951B3A4EE4AB}.Release|Any CPU.Build.0 = Release|Any CPU
		{3A646495-FC2C-4FEF-A526-F24A3A4A8709}.Debug|Any CPU.ActiveCfg = Debug|Any CPU
		{3A646495-FC2C-4FEF-A526-F24A3A4A8709}.Debug|Any CPU.Build.0 = Debug|Any CPU
		{3A646495-FC2C-4FEF-A526-F24A3A4A8709}.Release|Any CPU.ActiveCfg = Release|Any CPU
		{3A646495-FC2C-4FEF-A526-F24A3A4A8709}.Release|Any CPU.Build.0 = Release|Any CPU
		{3979C33F-C2CA-4D39-996F-A194ECB3D968}.Debug|Any CPU.ActiveCfg = Debug|Any CPU
		{3979C33F-C2CA-4D39-996F-A194ECB3D968}.Debug|Any CPU.Build.0 = Debug|Any CPU
		{3979C33F-C2CA-4D39-996F-A194ECB3D968}.Release|Any CPU.ActiveCfg = Release|Any CPU
		{3979C33F-C2CA-4D39-996F-A194ECB3D968}.Release|Any CPU.Build.0 = Release|Any CPU
		{77B3A77F-0259-4715-8D09-8497E9FE512F}.Debug|Any CPU.ActiveCfg = Debug|Any CPU
		{77B3A77F-0259-4715-8D09-8497E9FE512F}.Debug|Any CPU.Build.0 = Debug|Any CPU
		{77B3A77F-0259-4715-8D09-8497E9FE512F}.Release|Any CPU.ActiveCfg = Release|Any CPU
		{77B3A77F-0259-4715-8D09-8497E9FE512F}.Release|Any CPU.Build.0 = Release|Any CPU
		{8DB10F98-485F-4A2E-9D2B-D5FAB569B26E}.Debug|Any CPU.ActiveCfg = Debug|Any CPU
		{8DB10F98-485F-4A2E-9D2B-D5FAB569B26E}.Debug|Any CPU.Build.0 = Debug|Any CPU
		{8DB10F98-485F-4A2E-9D2B-D5FAB569B26E}.Release|Any CPU.ActiveCfg = Release|Any CPU
		{8DB10F98-485F-4A2E-9D2B-D5FAB569B26E}.Release|Any CPU.Build.0 = Release|Any CPU
		{34F94ABE-9BF5-47E8-8EFB-7D16DDB80851}.Debug|Any CPU.ActiveCfg = Debug|Any CPU
		{34F94ABE-9BF5-47E8-8EFB-7D16DDB80851}.Debug|Any CPU.Build.0 = Debug|Any CPU
		{34F94ABE-9BF5-47E8-8EFB-7D16DDB80851}.Release|Any CPU.ActiveCfg = Release|Any CPU
		{34F94ABE-9BF5-47E8-8EFB-7D16DDB80851}.Release|Any CPU.Build.0 = Release|Any CPU
		{49DF4A0F-E18D-4024-AC77-EEAF6C83B26D}.Debug|Any CPU.ActiveCfg = Debug|Any CPU
		{49DF4A0F-E18D-4024-AC77-EEAF6C83B26D}.Debug|Any CPU.Build.0 = Debug|Any CPU
		{49DF4A0F-E18D-4024-AC77-EEAF6C83B26D}.Release|Any CPU.ActiveCfg = Release|Any CPU
		{49DF4A0F-E18D-4024-AC77-EEAF6C83B26D}.Release|Any CPU.Build.0 = Release|Any CPU
		{054ACA0D-7699-4DEB-9B6F-4957EBCB860A}.Debug|Any CPU.ActiveCfg = Debug|Any CPU
		{054ACA0D-7699-4DEB-9B6F-4957EBCB860A}.Debug|Any CPU.Build.0 = Debug|Any CPU
		{054ACA0D-7699-4DEB-9B6F-4957EBCB860A}.Release|Any CPU.ActiveCfg = Release|Any CPU
		{054ACA0D-7699-4DEB-9B6F-4957EBCB860A}.Release|Any CPU.Build.0 = Release|Any CPU
		{D4AF6E67-4108-4EEB-B33C-51D9E47D4767}.Debug|Any CPU.ActiveCfg = Debug|Any CPU
		{D4AF6E67-4108-4EEB-B33C-51D9E47D4767}.Debug|Any CPU.Build.0 = Debug|Any CPU
		{D4AF6E67-4108-4EEB-B33C-51D9E47D4767}.Release|Any CPU.ActiveCfg = Release|Any CPU
		{D4AF6E67-4108-4EEB-B33C-51D9E47D4767}.Release|Any CPU.Build.0 = Release|Any CPU
		{EFC2AA1F-7656-41CD-ADAC-62DFC14CB226}.Debug|Any CPU.ActiveCfg = Debug|Any CPU
		{EFC2AA1F-7656-41CD-ADAC-62DFC14CB226}.Debug|Any CPU.Build.0 = Debug|Any CPU
		{EFC2AA1F-7656-41CD-ADAC-62DFC14CB226}.Release|Any CPU.ActiveCfg = Release|Any CPU
		{EFC2AA1F-7656-41CD-ADAC-62DFC14CB226}.Release|Any CPU.Build.0 = Release|Any CPU
		{1B4D9B71-E427-485C-83B1-E1CEBE1CA124}.Debug|Any CPU.ActiveCfg = Debug|Any CPU
		{1B4D9B71-E427-485C-83B1-E1CEBE1CA124}.Debug|Any CPU.Build.0 = Debug|Any CPU
		{1B4D9B71-E427-485C-83B1-E1CEBE1CA124}.Release|Any CPU.ActiveCfg = Release|Any CPU
		{1B4D9B71-E427-485C-83B1-E1CEBE1CA124}.Release|Any CPU.Build.0 = Release|Any CPU
		{03A63C72-D603-439D-80C0-E1B9448C3CA4}.Debug|Any CPU.ActiveCfg = Debug|Any CPU
		{03A63C72-D603-439D-80C0-E1B9448C3CA4}.Debug|Any CPU.Build.0 = Debug|Any CPU
		{03A63C72-D603-439D-80C0-E1B9448C3CA4}.Release|Any CPU.ActiveCfg = Release|Any CPU
		{03A63C72-D603-439D-80C0-E1B9448C3CA4}.Release|Any CPU.Build.0 = Release|Any CPU
		{D4FE1CE2-0AC8-4BA9-A176-219D3B989D4F}.Debug|Any CPU.ActiveCfg = Debug|Any CPU
		{D4FE1CE2-0AC8-4BA9-A176-219D3B989D4F}.Debug|Any CPU.Build.0 = Debug|Any CPU
		{D4FE1CE2-0AC8-4BA9-A176-219D3B989D4F}.Release|Any CPU.ActiveCfg = Release|Any CPU
		{D4FE1CE2-0AC8-4BA9-A176-219D3B989D4F}.Release|Any CPU.Build.0 = Release|Any CPU
		{2485C9E4-0831-4F9D-83EB-F189B7B535F3}.Debug|Any CPU.ActiveCfg = Debug|Any CPU
		{2485C9E4-0831-4F9D-83EB-F189B7B535F3}.Debug|Any CPU.Build.0 = Debug|Any CPU
		{2485C9E4-0831-4F9D-83EB-F189B7B535F3}.Release|Any CPU.ActiveCfg = Release|Any CPU
		{2485C9E4-0831-4F9D-83EB-F189B7B535F3}.Release|Any CPU.Build.0 = Release|Any CPU
		{B5D8107C-2CC3-455E-B048-88537CB04F15}.Debug|Any CPU.ActiveCfg = Debug|Any CPU
		{B5D8107C-2CC3-455E-B048-88537CB04F15}.Debug|Any CPU.Build.0 = Debug|Any CPU
		{B5D8107C-2CC3-455E-B048-88537CB04F15}.Release|Any CPU.ActiveCfg = Release|Any CPU
		{B5D8107C-2CC3-455E-B048-88537CB04F15}.Release|Any CPU.Build.0 = Release|Any CPU
		{F5687D58-346F-4BB3-8C26-0CC725E97F37}.Debug|Any CPU.ActiveCfg = Debug|Any CPU
		{F5687D58-346F-4BB3-8C26-0CC725E97F37}.Debug|Any CPU.Build.0 = Debug|Any CPU
		{F5687D58-346F-4BB3-8C26-0CC725E97F37}.Release|Any CPU.ActiveCfg = Release|Any CPU
		{F5687D58-346F-4BB3-8C26-0CC725E97F37}.Release|Any CPU.Build.0 = Release|Any CPU
		{7C628538-3227-4F27-A8BF-89EAD86D8F9E}.Debug|Any CPU.ActiveCfg = Debug|Any CPU
		{7C628538-3227-4F27-A8BF-89EAD86D8F9E}.Debug|Any CPU.Build.0 = Debug|Any CPU
		{7C628538-3227-4F27-A8BF-89EAD86D8F9E}.Release|Any CPU.ActiveCfg = Release|Any CPU
		{7C628538-3227-4F27-A8BF-89EAD86D8F9E}.Release|Any CPU.Build.0 = Release|Any CPU
		{992C16F1-4655-461A-B3D9-289C99C67D54}.Debug|Any CPU.ActiveCfg = Debug|Any CPU
		{992C16F1-4655-461A-B3D9-289C99C67D54}.Debug|Any CPU.Build.0 = Debug|Any CPU
		{992C16F1-4655-461A-B3D9-289C99C67D54}.Release|Any CPU.ActiveCfg = Release|Any CPU
		{992C16F1-4655-461A-B3D9-289C99C67D54}.Release|Any CPU.Build.0 = Release|Any CPU
		{ECA21A98-D370-4298-AF18-9AB0040A8934}.Debug|Any CPU.ActiveCfg = Debug|Any CPU
		{ECA21A98-D370-4298-AF18-9AB0040A8934}.Debug|Any CPU.Build.0 = Debug|Any CPU
		{ECA21A98-D370-4298-AF18-9AB0040A8934}.Release|Any CPU.ActiveCfg = Release|Any CPU
		{ECA21A98-D370-4298-AF18-9AB0040A8934}.Release|Any CPU.Build.0 = Release|Any CPU
		{3E2DC336-4491-4A20-B333-6098ECAA47A6}.Debug|Any CPU.ActiveCfg = Debug|Any CPU
		{3E2DC336-4491-4A20-B333-6098ECAA47A6}.Debug|Any CPU.Build.0 = Debug|Any CPU
		{3E2DC336-4491-4A20-B333-6098ECAA47A6}.Release|Any CPU.ActiveCfg = Release|Any CPU
		{3E2DC336-4491-4A20-B333-6098ECAA47A6}.Release|Any CPU.Build.0 = Release|Any CPU
		{75D01330-B6ED-4062-B807-A20CC89DDF5C}.Debug|Any CPU.ActiveCfg = Debug|Any CPU
		{75D01330-B6ED-4062-B807-A20CC89DDF5C}.Debug|Any CPU.Build.0 = Debug|Any CPU
		{75D01330-B6ED-4062-B807-A20CC89DDF5C}.Release|Any CPU.ActiveCfg = Release|Any CPU
		{75D01330-B6ED-4062-B807-A20CC89DDF5C}.Release|Any CPU.Build.0 = Release|Any CPU
		{773D0DF2-420F-4775-837C-3166407A3701}.Debug|Any CPU.ActiveCfg = Debug|Any CPU
		{773D0DF2-420F-4775-837C-3166407A3701}.Debug|Any CPU.Build.0 = Debug|Any CPU
		{773D0DF2-420F-4775-837C-3166407A3701}.Release|Any CPU.ActiveCfg = Release|Any CPU
		{773D0DF2-420F-4775-837C-3166407A3701}.Release|Any CPU.Build.0 = Release|Any CPU
		{8CE924A2-36B0-461E-A5AF-447CE208556A}.Debug|Any CPU.ActiveCfg = Debug|Any CPU
		{8CE924A2-36B0-461E-A5AF-447CE208556A}.Debug|Any CPU.Build.0 = Debug|Any CPU
		{8CE924A2-36B0-461E-A5AF-447CE208556A}.Release|Any CPU.ActiveCfg = Release|Any CPU
		{8CE924A2-36B0-461E-A5AF-447CE208556A}.Release|Any CPU.Build.0 = Release|Any CPU
		{54D4CE23-CC00-4C54-9C92-D1FD1C067D24}.Debug|Any CPU.ActiveCfg = Debug|Any CPU
		{54D4CE23-CC00-4C54-9C92-D1FD1C067D24}.Debug|Any CPU.Build.0 = Debug|Any CPU
		{54D4CE23-CC00-4C54-9C92-D1FD1C067D24}.Release|Any CPU.ActiveCfg = Release|Any CPU
		{54D4CE23-CC00-4C54-9C92-D1FD1C067D24}.Release|Any CPU.Build.0 = Release|Any CPU
		{1FEF250F-64C6-4B4E-99D2-BC17D445F465}.Debug|Any CPU.ActiveCfg = Debug|Any CPU
		{1FEF250F-64C6-4B4E-99D2-BC17D445F465}.Debug|Any CPU.Build.0 = Debug|Any CPU
		{1FEF250F-64C6-4B4E-99D2-BC17D445F465}.Release|Any CPU.ActiveCfg = Release|Any CPU
		{1FEF250F-64C6-4B4E-99D2-BC17D445F465}.Release|Any CPU.Build.0 = Release|Any CPU
		{D8A63E1C-CA2A-4D31-BED8-4A94AB749A70}.Debug|Any CPU.ActiveCfg = Debug|Any CPU
		{D8A63E1C-CA2A-4D31-BED8-4A94AB749A70}.Debug|Any CPU.Build.0 = Debug|Any CPU
		{D8A63E1C-CA2A-4D31-BED8-4A94AB749A70}.Release|Any CPU.ActiveCfg = Release|Any CPU
		{D8A63E1C-CA2A-4D31-BED8-4A94AB749A70}.Release|Any CPU.Build.0 = Release|Any CPU
		{A3DC1E79-8733-4C05-95D1-D3BE87F870D6}.Debug|Any CPU.ActiveCfg = Debug|Any CPU
		{A3DC1E79-8733-4C05-95D1-D3BE87F870D6}.Debug|Any CPU.Build.0 = Debug|Any CPU
		{A3DC1E79-8733-4C05-95D1-D3BE87F870D6}.Release|Any CPU.ActiveCfg = Release|Any CPU
		{A3DC1E79-8733-4C05-95D1-D3BE87F870D6}.Release|Any CPU.Build.0 = Release|Any CPU
		{704ECAC7-1B3D-48AC-9FFB-928ACC4CCBCF}.Debug|Any CPU.ActiveCfg = Debug|Any CPU
		{704ECAC7-1B3D-48AC-9FFB-928ACC4CCBCF}.Debug|Any CPU.Build.0 = Debug|Any CPU
		{704ECAC7-1B3D-48AC-9FFB-928ACC4CCBCF}.Release|Any CPU.ActiveCfg = Release|Any CPU
		{704ECAC7-1B3D-48AC-9FFB-928ACC4CCBCF}.Release|Any CPU.Build.0 = Release|Any CPU
		{03AC25B7-6B8A-4C3C-9E4D-AE6AD771E496}.Debug|Any CPU.ActiveCfg = Debug|Any CPU
		{03AC25B7-6B8A-4C3C-9E4D-AE6AD771E496}.Debug|Any CPU.Build.0 = Debug|Any CPU
		{03AC25B7-6B8A-4C3C-9E4D-AE6AD771E496}.Release|Any CPU.ActiveCfg = Release|Any CPU
		{03AC25B7-6B8A-4C3C-9E4D-AE6AD771E496}.Release|Any CPU.Build.0 = Release|Any CPU
		{6443DF7F-B4E5-4DFF-AC41-3661DF8B8297}.Debug|Any CPU.ActiveCfg = Debug|Any CPU
		{6443DF7F-B4E5-4DFF-AC41-3661DF8B8297}.Debug|Any CPU.Build.0 = Debug|Any CPU
		{6443DF7F-B4E5-4DFF-AC41-3661DF8B8297}.Release|Any CPU.ActiveCfg = Release|Any CPU
		{6443DF7F-B4E5-4DFF-AC41-3661DF8B8297}.Release|Any CPU.Build.0 = Release|Any CPU
		{49F1623C-DC14-4D71-89A7-D26B8BCE2DBF}.Debug|Any CPU.ActiveCfg = Debug|Any CPU
		{49F1623C-DC14-4D71-89A7-D26B8BCE2DBF}.Debug|Any CPU.Build.0 = Debug|Any CPU
		{49F1623C-DC14-4D71-89A7-D26B8BCE2DBF}.Release|Any CPU.ActiveCfg = Release|Any CPU
		{49F1623C-DC14-4D71-89A7-D26B8BCE2DBF}.Release|Any CPU.Build.0 = Release|Any CPU
		{A50F6496-9252-4A56-9491-3CE9A0745224}.Debug|Any CPU.ActiveCfg = Debug|Any CPU
		{A50F6496-9252-4A56-9491-3CE9A0745224}.Debug|Any CPU.Build.0 = Debug|Any CPU
		{A50F6496-9252-4A56-9491-3CE9A0745224}.Release|Any CPU.ActiveCfg = Release|Any CPU
		{A50F6496-9252-4A56-9491-3CE9A0745224}.Release|Any CPU.Build.0 = Release|Any CPU
		{F14FA298-16D0-4DF2-954D-E5EE3B27E7F1}.Debug|Any CPU.ActiveCfg = Debug|Any CPU
		{F14FA298-16D0-4DF2-954D-E5EE3B27E7F1}.Debug|Any CPU.Build.0 = Debug|Any CPU
		{F14FA298-16D0-4DF2-954D-E5EE3B27E7F1}.Release|Any CPU.ActiveCfg = Release|Any CPU
		{F14FA298-16D0-4DF2-954D-E5EE3B27E7F1}.Release|Any CPU.Build.0 = Release|Any CPU
		{34D3B7C0-25F9-45BA-B8A8-2A3DD3062B2F}.Debug|Any CPU.ActiveCfg = Debug|Any CPU
		{34D3B7C0-25F9-45BA-B8A8-2A3DD3062B2F}.Debug|Any CPU.Build.0 = Debug|Any CPU
		{34D3B7C0-25F9-45BA-B8A8-2A3DD3062B2F}.Release|Any CPU.ActiveCfg = Release|Any CPU
		{34D3B7C0-25F9-45BA-B8A8-2A3DD3062B2F}.Release|Any CPU.Build.0 = Release|Any CPU
		{3D57722B-C377-4664-BE8A-F2152460E0B2}.Debug|Any CPU.ActiveCfg = Debug|Any CPU
		{3D57722B-C377-4664-BE8A-F2152460E0B2}.Debug|Any CPU.Build.0 = Debug|Any CPU
		{3D57722B-C377-4664-BE8A-F2152460E0B2}.Release|Any CPU.ActiveCfg = Release|Any CPU
		{3D57722B-C377-4664-BE8A-F2152460E0B2}.Release|Any CPU.Build.0 = Release|Any CPU
		{1E2C8FF2-FE42-4697-8D32-DFC0E2CE4925}.Debug|Any CPU.ActiveCfg = Debug|Any CPU
		{1E2C8FF2-FE42-4697-8D32-DFC0E2CE4925}.Debug|Any CPU.Build.0 = Debug|Any CPU
		{1E2C8FF2-FE42-4697-8D32-DFC0E2CE4925}.Release|Any CPU.ActiveCfg = Release|Any CPU
		{1E2C8FF2-FE42-4697-8D32-DFC0E2CE4925}.Release|Any CPU.Build.0 = Release|Any CPU
		{514095BF-35A4-44A0-B147-892BB29AE9A3}.Debug|Any CPU.ActiveCfg = Debug|Any CPU
		{514095BF-35A4-44A0-B147-892BB29AE9A3}.Debug|Any CPU.Build.0 = Debug|Any CPU
		{514095BF-35A4-44A0-B147-892BB29AE9A3}.Release|Any CPU.ActiveCfg = Release|Any CPU
		{514095BF-35A4-44A0-B147-892BB29AE9A3}.Release|Any CPU.Build.0 = Release|Any CPU
	EndGlobalSection
	GlobalSection(SolutionProperties) = preSolution
		HideSolutionNode = FALSE
	EndGlobalSection
	GlobalSection(NestedProjects) = preSolution
		{D59E96A6-7B84-46E3-AC3F-C9CE3AAD333A} = {D41DFE0B-89F2-4AAE-85D4-5F73C76B753D}
		{79AD139A-234B-4483-8D28-8BAE2A5349C4} = {D59E96A6-7B84-46E3-AC3F-C9CE3AAD333A}
		{5F6FFA37-1CA8-4B8C-B550-6C040326B752} = {D59E96A6-7B84-46E3-AC3F-C9CE3AAD333A}
		{87F76992-E88C-4B12-9FE5-E80E552D3B92} = {D41DFE0B-89F2-4AAE-85D4-5F73C76B753D}
		{7C0C9771-63E2-4B18-B9A1-3C85C87C7BAD} = {87F76992-E88C-4B12-9FE5-E80E552D3B92}
		{80B0B0BD-ECDD-4AE0-8977-2DC12220B43F} = {87F76992-E88C-4B12-9FE5-E80E552D3B92}
		{E9FA4DD7-DF55-43FD-A17F-81835418B410} = {D41DFE0B-89F2-4AAE-85D4-5F73C76B753D}
		{3A173A6E-3253-4772-AC71-3693C4FE6898} = {E9FA4DD7-DF55-43FD-A17F-81835418B410}
		{484DFDE2-0FD6-40CC-8562-4931B6E8B80F} = {E9FA4DD7-DF55-43FD-A17F-81835418B410}
		{0DFB4039-B365-44EE-BF25-7532544867FD} = {7B1758E0-B93A-4A33-A8F1-8595AE7495ED}
		{0F02B11D-E315-4B90-B112-4A5FC4D75992} = {0DFB4039-B365-44EE-BF25-7532544867FD}
		{AA1B1CAE-D2AC-4B84-BAE8-B529DB7E9F9F} = {D41DFE0B-89F2-4AAE-85D4-5F73C76B753D}
		{5791D474-DDEA-49C8-BBDD-58DACD53EC91} = {AA1B1CAE-D2AC-4B84-BAE8-B529DB7E9F9F}
		{39BDE587-9EFA-4723-9C45-D906C4D8EB25} = {AA1B1CAE-D2AC-4B84-BAE8-B529DB7E9F9F}
		{51AFD93D-16EA-48A5-B139-D2F6D3849E22} = {D41DFE0B-89F2-4AAE-85D4-5F73C76B753D}
		{DA40CB3B-4EAC-40CA-BC59-4CCDC75A20D6} = {51AFD93D-16EA-48A5-B139-D2F6D3849E22}
		{E71C9E0C-A3E1-498F-B4E3-BDCD6C9CF32B} = {51AFD93D-16EA-48A5-B139-D2F6D3849E22}
		{56EC754B-9594-4A5A-A11D-B7A335EC2116} = {51AFD93D-16EA-48A5-B139-D2F6D3849E22}
		{9F058515-BEC3-402D-B405-648F5B38BDEB} = {D41DFE0B-89F2-4AAE-85D4-5F73C76B753D}
		{653629C2-9D04-46C1-9BB7-7E6EE7BDEA8C} = {AA1B1CAE-D2AC-4B84-BAE8-B529DB7E9F9F}
		{8331B7E5-E789-4E45-86DB-961C4C396A47} = {9F058515-BEC3-402D-B405-648F5B38BDEB}
		{BF3F1B3D-3C33-4702-A275-3BB9B4FDFF3E} = {9F058515-BEC3-402D-B405-648F5B38BDEB}
		{65E93A0D-9A89-41A7-8A26-34937A541F78} = {9F058515-BEC3-402D-B405-648F5B38BDEB}
		{69B23A3A-4D5D-4DC6-9F7F-2EFAEFCB030C} = {9F058515-BEC3-402D-B405-648F5B38BDEB}
		{701749AA-6C0E-4CC5-9270-179069DEDC72} = {9F058515-BEC3-402D-B405-648F5B38BDEB}
		{186E505E-88BA-43B4-8AD5-9FCDFE516BD9} = {9F058515-BEC3-402D-B405-648F5B38BDEB}
		{8D770324-D2C5-4689-B2E3-CA1557B0DEE5} = {9F058515-BEC3-402D-B405-648F5B38BDEB}
		{07FB64B4-250F-4A04-882B-495BA6429AA9} = {9F058515-BEC3-402D-B405-648F5B38BDEB}
		{8B3D894C-92E3-461C-8B6C-951B3A4EE4AB} = {9F058515-BEC3-402D-B405-648F5B38BDEB}
		{3A646495-FC2C-4FEF-A526-F24A3A4A8709} = {9F058515-BEC3-402D-B405-648F5B38BDEB}
		{3979C33F-C2CA-4D39-996F-A194ECB3D968} = {9F058515-BEC3-402D-B405-648F5B38BDEB}
		{77B3A77F-0259-4715-8D09-8497E9FE512F} = {0DFB4039-B365-44EE-BF25-7532544867FD}
		{8DB10F98-485F-4A2E-9D2B-D5FAB569B26E} = {9F058515-BEC3-402D-B405-648F5B38BDEB}
		{34F94ABE-9BF5-47E8-8EFB-7D16DDB80851} = {9F058515-BEC3-402D-B405-648F5B38BDEB}
		{61191DAE-2998-4D04-8AF4-0524F39F9B8C} = {D41DFE0B-89F2-4AAE-85D4-5F73C76B753D}
		{49DF4A0F-E18D-4024-AC77-EEAF6C83B26D} = {61191DAE-2998-4D04-8AF4-0524F39F9B8C}
		{054ACA0D-7699-4DEB-9B6F-4957EBCB860A} = {61191DAE-2998-4D04-8AF4-0524F39F9B8C}
		{4B6B2AE1-A393-45D3-B06A-7701DA8AB63A} = {D41DFE0B-89F2-4AAE-85D4-5F73C76B753D}
		{D4AF6E67-4108-4EEB-B33C-51D9E47D4767} = {4B6B2AE1-A393-45D3-B06A-7701DA8AB63A}
		{EFC2AA1F-7656-41CD-ADAC-62DFC14CB226} = {4B6B2AE1-A393-45D3-B06A-7701DA8AB63A}
		{1B4D9B71-E427-485C-83B1-E1CEBE1CA124} = {4B6B2AE1-A393-45D3-B06A-7701DA8AB63A}
		{B78DD166-3F94-4A2F-A2E3-BFB89A4EF832} = {D41DFE0B-89F2-4AAE-85D4-5F73C76B753D}
		{03A63C72-D603-439D-80C0-E1B9448C3CA4} = {B78DD166-3F94-4A2F-A2E3-BFB89A4EF832}
		{D4FE1CE2-0AC8-4BA9-A176-219D3B989D4F} = {B78DD166-3F94-4A2F-A2E3-BFB89A4EF832}
		{2485C9E4-0831-4F9D-83EB-F189B7B535F3} = {4B6B2AE1-A393-45D3-B06A-7701DA8AB63A}
		{B5D8107C-2CC3-455E-B048-88537CB04F15} = {4B6B2AE1-A393-45D3-B06A-7701DA8AB63A}
		{F5687D58-346F-4BB3-8C26-0CC725E97F37} = {4B6B2AE1-A393-45D3-B06A-7701DA8AB63A}
		{7C628538-3227-4F27-A8BF-89EAD86D8F9E} = {4B6B2AE1-A393-45D3-B06A-7701DA8AB63A}
		{477CC396-0DA9-4C1A-8120-AD7D9FF6AA4A} = {D41DFE0B-89F2-4AAE-85D4-5F73C76B753D}
		{992C16F1-4655-461A-B3D9-289C99C67D54} = {477CC396-0DA9-4C1A-8120-AD7D9FF6AA4A}
		{ECA21A98-D370-4298-AF18-9AB0040A8934} = {477CC396-0DA9-4C1A-8120-AD7D9FF6AA4A}
		{382602D8-1C2F-4BD8-BF10-E92E1339E21B} = {D41DFE0B-89F2-4AAE-85D4-5F73C76B753D}
		{3E2DC336-4491-4A20-B333-6098ECAA47A6} = {382602D8-1C2F-4BD8-BF10-E92E1339E21B}
		{75D01330-B6ED-4062-B807-A20CC89DDF5C} = {382602D8-1C2F-4BD8-BF10-E92E1339E21B}
		{773D0DF2-420F-4775-837C-3166407A3701} = {4B6B2AE1-A393-45D3-B06A-7701DA8AB63A}
		{8CE924A2-36B0-461E-A5AF-447CE208556A} = {4B6B2AE1-A393-45D3-B06A-7701DA8AB63A}
		{54D4CE23-CC00-4C54-9C92-D1FD1C067D24} = {4B6B2AE1-A393-45D3-B06A-7701DA8AB63A}
		{9CFB1B89-05FC-426C-AA8E-EA3EE54E2D50} = {D41DFE0B-89F2-4AAE-85D4-5F73C76B753D}
		{1FEF250F-64C6-4B4E-99D2-BC17D445F465} = {9CFB1B89-05FC-426C-AA8E-EA3EE54E2D50}
		{D8A63E1C-CA2A-4D31-BED8-4A94AB749A70} = {9CFB1B89-05FC-426C-AA8E-EA3EE54E2D50}
		{DF3B70C4-8DA1-4CC5-AB5A-5EC0AC0C661A} = {7B1758E0-B93A-4A33-A8F1-8595AE7495ED}
		{A5DA5201-D2FD-4C08-B18F-2B343836E0E2} = {DF3B70C4-8DA1-4CC5-AB5A-5EC0AC0C661A}
		{A3DC1E79-8733-4C05-95D1-D3BE87F870D6} = {A5DA5201-D2FD-4C08-B18F-2B343836E0E2}
		{704ECAC7-1B3D-48AC-9FFB-928ACC4CCBCF} = {A5DA5201-D2FD-4C08-B18F-2B343836E0E2}
		{03AC25B7-6B8A-4C3C-9E4D-AE6AD771E496} = {A5DA5201-D2FD-4C08-B18F-2B343836E0E2}
		{6443DF7F-B4E5-4DFF-AC41-3661DF8B8297} = {A5DA5201-D2FD-4C08-B18F-2B343836E0E2}
		{F8FC181E-926C-41D8-BB76-015BA6E9006B} = {DF3B70C4-8DA1-4CC5-AB5A-5EC0AC0C661A}
		{49F1623C-DC14-4D71-89A7-D26B8BCE2DBF} = {F8FC181E-926C-41D8-BB76-015BA6E9006B}
		{A50F6496-9252-4A56-9491-3CE9A0745224} = {F8FC181E-926C-41D8-BB76-015BA6E9006B}
		{F14FA298-16D0-4DF2-954D-E5EE3B27E7F1} = {0DFB4039-B365-44EE-BF25-7532544867FD}
		{34D3B7C0-25F9-45BA-B8A8-2A3DD3062B2F} = {9F058515-BEC3-402D-B405-648F5B38BDEB}
		{3D57722B-C377-4664-BE8A-F2152460E0B2} = {9F058515-BEC3-402D-B405-648F5B38BDEB}
		{81370C1E-B381-4424-AC1B-B953210FB636} = {D41DFE0B-89F2-4AAE-85D4-5F73C76B753D}
		{1E2C8FF2-FE42-4697-8D32-DFC0E2CE4925} = {81370C1E-B381-4424-AC1B-B953210FB636}
		{514095BF-35A4-44A0-B147-892BB29AE9A3} = {81370C1E-B381-4424-AC1B-B953210FB636}
	EndGlobalSection
EndGlobal
