
Microsoft Visual Studio Solution File, Format Version 12.00
# Visual Studio Version 17
VisualStudioVersion = 17.0.31903.59
MinimumVisualStudioVersion = 10.0.40219.1
Project("{2150E333-8FDC-42A3-9474-1A3956D46DE8}") = "libraries", "libraries", "{D41DFE0B-89F2-4AAE-85D4-5F73C76B753D}"
EndProject
Project("{2150E333-8FDC-42A3-9474-1A3956D46DE8}") = "dotnet-kubeconform-cli", "dotnet-kubeconform-cli", "{81370C1E-B381-4424-AC1B-B953210FB636}"
EndProject
Project("{2150E333-8FDC-42A3-9474-1A3956D46DE8}") = "projects", "projects", "{CA7D9029-7495-4855-9859-1AFE3D166217}"
EndProject
Project("{2150E333-8FDC-42A3-9474-1A3956D46DE8}") = "ksail", "ksail", "{66D0D892-17D9-4B36-8B47-54BE73E32C40}"
EndProject
Project("{2150E333-8FDC-42A3-9474-1A3956D46DE8}") = "src", "src", "{1E6DD57F-87EA-46D9-95BC-D53D1A772D4F}"
EndProject
Project("{FAE04EC0-301F-11D3-BF4B-00C04F79EFBC}") = "KSail", "projects\ksail\src\KSail\KSail.csproj", "{FAE59354-D139-480E-92C4-CEBFA06893D6}"
EndProject
Project("{FAE04EC0-301F-11D3-BF4B-00C04F79EFBC}") = "KSail.Models", "projects\ksail\src\KSail.Models\KSail.Models.csproj", "{14360D7A-943E-4EBB-9E82-779831825A8D}"
EndProject
Project("{FAE04EC0-301F-11D3-BF4B-00C04F79EFBC}") = "KSail.Generator", "projects\ksail\src\KSail.Generator\KSail.Generator.csproj", "{5807AADC-583F-4F84-BB17-155BF0337246}"
EndProject
Project("{2150E333-8FDC-42A3-9474-1A3956D46DE8}") = "tests", "tests", "{D17FB8F7-79CA-4EDD-BE5A-AC4C0A8E6866}"
EndProject
Project("{FAE04EC0-301F-11D3-BF4B-00C04F79EFBC}") = "KSail.Tests", "projects\ksail\tests\KSail.Tests\KSail.Tests.csproj", "{C9D89783-F930-45DD-B8CE-F308806AC53D}"
EndProject
Project("{FAE04EC0-301F-11D3-BF4B-00C04F79EFBC}") = "KSail.Models.Tests", "projects\ksail\tests\KSail.Models.Tests\KSail.Models.Tests.csproj", "{0D8FF19F-D911-4C27-895F-3B38ECF06101}"
EndProject
Project("{FAE04EC0-301F-11D3-BF4B-00C04F79EFBC}") = "KSail.Generator.Tests", "projects\ksail\tests\KSail.Generator.Tests\KSail.Generator.Tests.csproj", "{8BE06515-F31A-4CCF-A280-DA491150AA43}"
EndProject
Project("{2150E333-8FDC-42A3-9474-1A3956D46DE8}") = "dotnet-commons", "dotnet-commons", "{62A4FE48-765C-4147-BDEF-6E3861BAA3F1}"
EndProject
Project("{2150E333-8FDC-42A3-9474-1A3956D46DE8}") = "src", "src", "{470AF462-2059-4722-8B17-1EE0995966A1}"
EndProject
Project("{FAE04EC0-301F-11D3-BF4B-00C04F79EFBC}") = "Devantler.Commons.Extensions", "libraries\dotnet-commons\src\Devantler.Commons.Extensions\Devantler.Commons.Extensions.csproj", "{4779B360-291A-4815-892C-F3321B161AB1}"
EndProject
Project("{2150E333-8FDC-42A3-9474-1A3956D46DE8}") = "tests", "tests", "{C9DB277D-C952-470A-B246-0500569E0324}"
EndProject
Project("{FAE04EC0-301F-11D3-BF4B-00C04F79EFBC}") = "Devantler.Commons.Extensions.Tests", "libraries\dotnet-commons\tests\Devantler.Commons.Extensions.Tests\Devantler.Commons.Extensions.Tests.csproj", "{B83F9CE8-947F-4611-BE54-BFCF2D2806B3}"
EndProject
Project("{2150E333-8FDC-42A3-9474-1A3956D46DE8}") = "templates", "templates", "{808186BE-9BD0-DD1D-D574-36EEAD1E7F8F}"
EndProject
Project("{2150E333-8FDC-42A3-9474-1A3956D46DE8}") = "dotnet-template", "dotnet-template", "{E28FCA46-0C38-D7E6-2799-0447C6438019}"
EndProject
Project("{2150E333-8FDC-42A3-9474-1A3956D46DE8}") = "src", "src", "{A6606F52-F3E0-EAD2-CEA8-893CD4319B9C}"
EndProject
Project("{FAE04EC0-301F-11D3-BF4B-00C04F79EFBC}") = "Example", "templates\dotnet-template\src\Example\Example.csproj", "{BFD1CEEE-A855-462C-9441-400D4A17E927}"
EndProject
Project("{2150E333-8FDC-42A3-9474-1A3956D46DE8}") = "tests", "tests", "{CB24644C-1F04-B96C-297A-B23FF9F2ED7D}"
EndProject
Project("{FAE04EC0-301F-11D3-BF4B-00C04F79EFBC}") = "Example.Tests", "templates\dotnet-template\tests\Example.Tests\Example.Tests.csproj", "{7631A481-85B3-475E-8679-01149D7E0777}"
EndProject
Project("{2150E333-8FDC-42A3-9474-1A3956D46DE8}") = "dotnet-kubernetes-validator", "dotnet-kubernetes-validator", "{E0C721AB-712D-A23A-833F-1A701F772259}"
EndProject
Project("{2150E333-8FDC-42A3-9474-1A3956D46DE8}") = "tests", "tests", "{A322F8D6-4A52-97CB-DDBA-BED9EB0A07F2}"
EndProject
Project("{FAE04EC0-301F-11D3-BF4B-00C04F79EFBC}") = "Devantler.KubernetesValidator.ClientSide.YamlSyntax.Tests", "libraries\dotnet-kubernetes-validator\tests\Devantler.KubernetesValidator.ClientSide.YamlSyntax.Tests\Devantler.KubernetesValidator.ClientSide.YamlSyntax.Tests.csproj", "{2F7CCD20-906B-4CF2-9383-D8221CC99E4B}"
EndProject
Project("{FAE04EC0-301F-11D3-BF4B-00C04F79EFBC}") = "Devantler.KubernetesValidator.ClientSide.Schemas.Tests", "libraries\dotnet-kubernetes-validator\tests\Devantler.KubernetesValidator.ClientSide.Schemas.Tests\Devantler.KubernetesValidator.ClientSide.Schemas.Tests.csproj", "{E49B0AD9-0150-4B7A-B3F4-248271EC8436}"
EndProject
Project("{2150E333-8FDC-42A3-9474-1A3956D46DE8}") = "src", "src", "{EA25BB4A-18B6-8EE4-751F-F24CFD5EE510}"
EndProject
Project("{FAE04EC0-301F-11D3-BF4B-00C04F79EFBC}") = "Devantler.KubernetesValidator.ServerSide.Core", "libraries\dotnet-kubernetes-validator\src\Devantler.KubernetesValidator.ServerSide.Core\Devantler.KubernetesValidator.ServerSide.Core.csproj", "{41B3236F-1109-44EC-99C5-79C231AE5700}"
EndProject
Project("{FAE04EC0-301F-11D3-BF4B-00C04F79EFBC}") = "Devantler.KubernetesValidator.ClientSide.YamlSyntax", "libraries\dotnet-kubernetes-validator\src\Devantler.KubernetesValidator.ClientSide.YamlSyntax\Devantler.KubernetesValidator.ClientSide.YamlSyntax.csproj", "{E49E3135-0BC3-4482-B177-78943B08B002}"
EndProject
Project("{FAE04EC0-301F-11D3-BF4B-00C04F79EFBC}") = "Devantler.KubernetesValidator.ClientSide.Schemas", "libraries\dotnet-kubernetes-validator\src\Devantler.KubernetesValidator.ClientSide.Schemas\Devantler.KubernetesValidator.ClientSide.Schemas.csproj", "{0F3A1F61-392D-4051-AA99-5EA0E805B7E2}"
EndProject
Project("{FAE04EC0-301F-11D3-BF4B-00C04F79EFBC}") = "Devantler.KubernetesValidator.ClientSide.Core", "libraries\dotnet-kubernetes-validator\src\Devantler.KubernetesValidator.ClientSide.Core\Devantler.KubernetesValidator.ClientSide.Core.csproj", "{71285BAD-63F1-428D-A93A-AD9629DD5D25}"
EndProject
Project("{FAE04EC0-301F-11D3-BF4B-00C04F79EFBC}") = "Devantler.Commons.Utils.Tests", "libraries\dotnet-commons\tests\Devantler.Commons.Utils.Tests\Devantler.Commons.Utils.Tests.csproj", "{D7381C6C-AB7F-4687-AFBE-18977269AFC2}"
EndProject
Project("{FAE04EC0-301F-11D3-BF4B-00C04F79EFBC}") = "Devantler.Commons.Utils", "libraries\dotnet-commons\src\Devantler.Commons.Utils\Devantler.Commons.Utils.csproj", "{6A1CC9D3-4619-4B83-8568-D94C5AA4C6C3}"
EndProject
Project("{2150E333-8FDC-42A3-9474-1A3956D46DE8}") = "dotnet-kubernetes-generator", "dotnet-kubernetes-generator", "{64E616CD-28E3-4538-C187-5E8174279015}"
EndProject
Project("{2150E333-8FDC-42A3-9474-1A3956D46DE8}") = "src", "src", "{FDFA69EE-67C3-487B-6624-82458CFFFC81}"
EndProject
Project("{FAE04EC0-301F-11D3-BF4B-00C04F79EFBC}") = "Devantler.KubernetesGenerator.Native", "libraries\dotnet-kubernetes-generator\src\Devantler.KubernetesGenerator.Native\Devantler.KubernetesGenerator.Native.csproj", "{EE8D0395-65DE-4C09-B90E-682F433CFD3F}"
EndProject
Project("{FAE04EC0-301F-11D3-BF4B-00C04F79EFBC}") = "Devantler.KubernetesGenerator.Kustomize", "libraries\dotnet-kubernetes-generator\src\Devantler.KubernetesGenerator.Kustomize\Devantler.KubernetesGenerator.Kustomize.csproj", "{F96463B7-C162-4A1A-8EED-6C030F4B6512}"
EndProject
Project("{FAE04EC0-301F-11D3-BF4B-00C04F79EFBC}") = "Devantler.KubernetesGenerator.Kind", "libraries\dotnet-kubernetes-generator\src\Devantler.KubernetesGenerator.Kind\Devantler.KubernetesGenerator.Kind.csproj", "{74C7BBD9-310E-4BB7-863D-AA77CC1330B0}"
EndProject
Project("{FAE04EC0-301F-11D3-BF4B-00C04F79EFBC}") = "Devantler.KubernetesGenerator.K3d", "libraries\dotnet-kubernetes-generator\src\Devantler.KubernetesGenerator.K3d\Devantler.KubernetesGenerator.K3d.csproj", "{556EA142-1FA9-4BC7-A3EB-932400990725}"
EndProject
Project("{FAE04EC0-301F-11D3-BF4B-00C04F79EFBC}") = "Devantler.KubernetesGenerator.Flux", "libraries\dotnet-kubernetes-generator\src\Devantler.KubernetesGenerator.Flux\Devantler.KubernetesGenerator.Flux.csproj", "{D80EB5CF-65D1-4E90-889A-83AE690420FA}"
EndProject
Project("{FAE04EC0-301F-11D3-BF4B-00C04F79EFBC}") = "Devantler.KubernetesGenerator.Core", "libraries\dotnet-kubernetes-generator\src\Devantler.KubernetesGenerator.Core\Devantler.KubernetesGenerator.Core.csproj", "{E14CA698-E097-43F5-86CD-A40524BD66D7}"
EndProject
Project("{FAE04EC0-301F-11D3-BF4B-00C04F79EFBC}") = "Devantler.KubernetesGenerator.CertManager", "libraries\dotnet-kubernetes-generator\src\Devantler.KubernetesGenerator.CertManager\Devantler.KubernetesGenerator.CertManager.csproj", "{91A09384-C4BD-4B0E-84C5-9292769D312D}"
EndProject
Project("{2150E333-8FDC-42A3-9474-1A3956D46DE8}") = "tests", "tests", "{AA8801AE-E9C4-C140-61AA-407701466263}"
EndProject
Project("{FAE04EC0-301F-11D3-BF4B-00C04F79EFBC}") = "Devantler.KubernetesGenerator.Native.Tests", "libraries\dotnet-kubernetes-generator\tests\Devantler.KubernetesGenerator.Native.Tests\Devantler.KubernetesGenerator.Native.Tests.csproj", "{23F9BA4B-9AA2-4823-B2BA-78AE9D79B530}"
EndProject
Project("{FAE04EC0-301F-11D3-BF4B-00C04F79EFBC}") = "Devantler.KubernetesGenerator.Kustomize.Tests", "libraries\dotnet-kubernetes-generator\tests\Devantler.KubernetesGenerator.Kustomize.Tests\Devantler.KubernetesGenerator.Kustomize.Tests.csproj", "{85F58918-9685-4F03-AB7B-7A23D06DB199}"
EndProject
Project("{FAE04EC0-301F-11D3-BF4B-00C04F79EFBC}") = "Devantler.KubernetesGenerator.Kind.Tests", "libraries\dotnet-kubernetes-generator\tests\Devantler.KubernetesGenerator.Kind.Tests\Devantler.KubernetesGenerator.Kind.Tests.csproj", "{02FFC108-396D-448C-B0A0-9AB8F2B3CBD2}"
EndProject
Project("{FAE04EC0-301F-11D3-BF4B-00C04F79EFBC}") = "Devantler.KubernetesGenerator.K3d.Tests", "libraries\dotnet-kubernetes-generator\tests\Devantler.KubernetesGenerator.K3d.Tests\Devantler.KubernetesGenerator.K3d.Tests.csproj", "{64DD57D3-4DD9-47BE-894A-1CBA71DA9A3B}"
EndProject
Project("{FAE04EC0-301F-11D3-BF4B-00C04F79EFBC}") = "Devantler.KubernetesGenerator.Flux.Tests", "libraries\dotnet-kubernetes-generator\tests\Devantler.KubernetesGenerator.Flux.Tests\Devantler.KubernetesGenerator.Flux.Tests.csproj", "{946A9DF7-7486-4D5A-A746-B25D9B14346F}"
EndProject
Project("{FAE04EC0-301F-11D3-BF4B-00C04F79EFBC}") = "Devantler.KubernetesGenerator.Core.Tests", "libraries\dotnet-kubernetes-generator\tests\Devantler.KubernetesGenerator.Core.Tests\Devantler.KubernetesGenerator.Core.Tests.csproj", "{2F5C8720-81A1-4A60-8B30-6BF4ECDB33CE}"
EndProject
Project("{FAE04EC0-301F-11D3-BF4B-00C04F79EFBC}") = "Devantler.KubernetesGenerator.CertManager.Tests", "libraries\dotnet-kubernetes-generator\tests\Devantler.KubernetesGenerator.CertManager.Tests\Devantler.KubernetesGenerator.CertManager.Tests.csproj", "{0D06B7DA-9ADF-4981-B0BA-69ACF9307FE0}"
EndProject
Project("{2150E333-8FDC-42A3-9474-1A3956D46DE8}") = "dotnet-kubernetes-provisioner", "dotnet-kubernetes-provisioner", "{16BE226A-5F4F-AA3F-EFC8-4087A4394AF6}"
EndProject
Project("{2150E333-8FDC-42A3-9474-1A3956D46DE8}") = "src", "src", "{708D2106-727D-C766-9C85-5787742BAE1E}"
EndProject
Project("{FAE04EC0-301F-11D3-BF4B-00C04F79EFBC}") = "Devantler.KubernetesProvisioner.Resources.Native", "libraries\dotnet-kubernetes-provisioner\src\Devantler.KubernetesProvisioner.Resources.Native\Devantler.KubernetesProvisioner.Resources.Native.csproj", "{7CD8559A-A7C2-4FCA-ABE7-9467CA6F05E9}"
EndProject
Project("{FAE04EC0-301F-11D3-BF4B-00C04F79EFBC}") = "Devantler.KubernetesProvisioner.GitOps.Flux", "libraries\dotnet-kubernetes-provisioner\src\Devantler.KubernetesProvisioner.GitOps.Flux\Devantler.KubernetesProvisioner.GitOps.Flux.csproj", "{B3FF05DF-0936-452C-A2FA-EEF8E8668E51}"
EndProject
Project("{FAE04EC0-301F-11D3-BF4B-00C04F79EFBC}") = "Devantler.KubernetesProvisioner.GitOps.Core", "libraries\dotnet-kubernetes-provisioner\src\Devantler.KubernetesProvisioner.GitOps.Core\Devantler.KubernetesProvisioner.GitOps.Core.csproj", "{C5BBF1A0-B13D-43B0-9B57-E795CCD98D5E}"
EndProject
Project("{FAE04EC0-301F-11D3-BF4B-00C04F79EFBC}") = "Devantler.KubernetesProvisioner.Cluster.Kind", "libraries\dotnet-kubernetes-provisioner\src\Devantler.KubernetesProvisioner.Cluster.Kind\Devantler.KubernetesProvisioner.Cluster.Kind.csproj", "{E75DA20B-1FF0-4141-A9B5-F98947C1683B}"
EndProject
Project("{FAE04EC0-301F-11D3-BF4B-00C04F79EFBC}") = "Devantler.KubernetesProvisioner.Cluster.K3d", "libraries\dotnet-kubernetes-provisioner\src\Devantler.KubernetesProvisioner.Cluster.K3d\Devantler.KubernetesProvisioner.Cluster.K3d.csproj", "{9127B6A6-ADAF-467E-B872-029DBF5952B6}"
EndProject
Project("{FAE04EC0-301F-11D3-BF4B-00C04F79EFBC}") = "Devantler.KubernetesProvisioner.Cluster.Core", "libraries\dotnet-kubernetes-provisioner\src\Devantler.KubernetesProvisioner.Cluster.Core\Devantler.KubernetesProvisioner.Cluster.Core.csproj", "{A5BE03D4-279B-4ED5-831E-6C95AAB767C6}"
EndProject
Project("{2150E333-8FDC-42A3-9474-1A3956D46DE8}") = "tests", "tests", "{C4705C5B-7E45-3617-7FE3-D17583F3B05F}"
EndProject
Project("{FAE04EC0-301F-11D3-BF4B-00C04F79EFBC}") = "Devantler.KubernetesProvisioner.Resources.Native.Tests", "libraries\dotnet-kubernetes-provisioner\tests\Devantler.KubernetesProvisioner.Resources.Native.Tests\Devantler.KubernetesProvisioner.Resources.Native.Tests.csproj", "{1C10D339-BD4D-4172-B283-D547CF34CC6F}"
EndProject
Project("{FAE04EC0-301F-11D3-BF4B-00C04F79EFBC}") = "Devantler.KubernetesProvisioner.GitOps.Flux.Tests", "libraries\dotnet-kubernetes-provisioner\tests\Devantler.KubernetesProvisioner.GitOps.Flux.Tests\Devantler.KubernetesProvisioner.GitOps.Flux.Tests.csproj", "{7DC19B8A-19B8-4D69-9B6D-5E18D463674A}"
EndProject
Project("{FAE04EC0-301F-11D3-BF4B-00C04F79EFBC}") = "Devantler.KubernetesProvisioner.GitOps.Core.Tests", "libraries\dotnet-kubernetes-provisioner\tests\Devantler.KubernetesProvisioner.GitOps.Core.Tests\Devantler.KubernetesProvisioner.GitOps.Core.Tests.csproj", "{832AA6C5-B694-4545-AC5D-57C104DF7952}"
EndProject
Project("{FAE04EC0-301F-11D3-BF4B-00C04F79EFBC}") = "Devantler.KubernetesProvisioner.Cluster.Kind.Tests", "libraries\dotnet-kubernetes-provisioner\tests\Devantler.KubernetesProvisioner.Cluster.Kind.Tests\Devantler.KubernetesProvisioner.Cluster.Kind.Tests.csproj", "{A319FE98-1CD6-4D96-8E2D-701E68CAFE1A}"
EndProject
Project("{FAE04EC0-301F-11D3-BF4B-00C04F79EFBC}") = "Devantler.KubernetesProvisioner.Cluster.K3d.Tests", "libraries\dotnet-kubernetes-provisioner\tests\Devantler.KubernetesProvisioner.Cluster.K3d.Tests\Devantler.KubernetesProvisioner.Cluster.K3d.Tests.csproj", "{0AB10FB3-E364-4292-A7F2-6D03ED2D1B6B}"
EndProject
Project("{FAE04EC0-301F-11D3-BF4B-00C04F79EFBC}") = "Devantler.KubernetesProvisioner.Cluster.Core.Tests", "libraries\dotnet-kubernetes-provisioner\tests\Devantler.KubernetesProvisioner.Cluster.Core.Tests\Devantler.KubernetesProvisioner.Cluster.Core.Tests.csproj", "{CB72F23B-00AE-4DC1-A043-71BBD77520E1}"
EndProject
Global
	GlobalSection(SolutionConfigurationPlatforms) = preSolution
		Debug|Any CPU = Debug|Any CPU
		Debug|x64 = Debug|x64
		Debug|x86 = Debug|x86
		Release|Any CPU = Release|Any CPU
		Release|x64 = Release|x64
		Release|x86 = Release|x86
	EndGlobalSection
	GlobalSection(ProjectConfigurationPlatforms) = postSolution
		{FAE59354-D139-480E-92C4-CEBFA06893D6}.Debug|Any CPU.ActiveCfg = Debug|Any CPU
		{FAE59354-D139-480E-92C4-CEBFA06893D6}.Debug|Any CPU.Build.0 = Debug|Any CPU
		{FAE59354-D139-480E-92C4-CEBFA06893D6}.Debug|x64.ActiveCfg = Debug|Any CPU
		{FAE59354-D139-480E-92C4-CEBFA06893D6}.Debug|x64.Build.0 = Debug|Any CPU
		{FAE59354-D139-480E-92C4-CEBFA06893D6}.Debug|x86.ActiveCfg = Debug|Any CPU
		{FAE59354-D139-480E-92C4-CEBFA06893D6}.Debug|x86.Build.0 = Debug|Any CPU
		{FAE59354-D139-480E-92C4-CEBFA06893D6}.Release|Any CPU.ActiveCfg = Release|Any CPU
		{FAE59354-D139-480E-92C4-CEBFA06893D6}.Release|Any CPU.Build.0 = Release|Any CPU
		{FAE59354-D139-480E-92C4-CEBFA06893D6}.Release|x64.ActiveCfg = Release|Any CPU
		{FAE59354-D139-480E-92C4-CEBFA06893D6}.Release|x64.Build.0 = Release|Any CPU
		{FAE59354-D139-480E-92C4-CEBFA06893D6}.Release|x86.ActiveCfg = Release|Any CPU
		{FAE59354-D139-480E-92C4-CEBFA06893D6}.Release|x86.Build.0 = Release|Any CPU
		{14360D7A-943E-4EBB-9E82-779831825A8D}.Debug|Any CPU.ActiveCfg = Debug|Any CPU
		{14360D7A-943E-4EBB-9E82-779831825A8D}.Debug|Any CPU.Build.0 = Debug|Any CPU
		{14360D7A-943E-4EBB-9E82-779831825A8D}.Debug|x64.ActiveCfg = Debug|Any CPU
		{14360D7A-943E-4EBB-9E82-779831825A8D}.Debug|x64.Build.0 = Debug|Any CPU
		{14360D7A-943E-4EBB-9E82-779831825A8D}.Debug|x86.ActiveCfg = Debug|Any CPU
		{14360D7A-943E-4EBB-9E82-779831825A8D}.Debug|x86.Build.0 = Debug|Any CPU
		{14360D7A-943E-4EBB-9E82-779831825A8D}.Release|Any CPU.ActiveCfg = Release|Any CPU
		{14360D7A-943E-4EBB-9E82-779831825A8D}.Release|Any CPU.Build.0 = Release|Any CPU
		{14360D7A-943E-4EBB-9E82-779831825A8D}.Release|x64.ActiveCfg = Release|Any CPU
		{14360D7A-943E-4EBB-9E82-779831825A8D}.Release|x64.Build.0 = Release|Any CPU
		{14360D7A-943E-4EBB-9E82-779831825A8D}.Release|x86.ActiveCfg = Release|Any CPU
		{14360D7A-943E-4EBB-9E82-779831825A8D}.Release|x86.Build.0 = Release|Any CPU
		{5807AADC-583F-4F84-BB17-155BF0337246}.Debug|Any CPU.ActiveCfg = Debug|Any CPU
		{5807AADC-583F-4F84-BB17-155BF0337246}.Debug|Any CPU.Build.0 = Debug|Any CPU
		{5807AADC-583F-4F84-BB17-155BF0337246}.Debug|x64.ActiveCfg = Debug|Any CPU
		{5807AADC-583F-4F84-BB17-155BF0337246}.Debug|x64.Build.0 = Debug|Any CPU
		{5807AADC-583F-4F84-BB17-155BF0337246}.Debug|x86.ActiveCfg = Debug|Any CPU
		{5807AADC-583F-4F84-BB17-155BF0337246}.Debug|x86.Build.0 = Debug|Any CPU
		{5807AADC-583F-4F84-BB17-155BF0337246}.Release|Any CPU.ActiveCfg = Release|Any CPU
		{5807AADC-583F-4F84-BB17-155BF0337246}.Release|Any CPU.Build.0 = Release|Any CPU
		{5807AADC-583F-4F84-BB17-155BF0337246}.Release|x64.ActiveCfg = Release|Any CPU
		{5807AADC-583F-4F84-BB17-155BF0337246}.Release|x64.Build.0 = Release|Any CPU
		{5807AADC-583F-4F84-BB17-155BF0337246}.Release|x86.ActiveCfg = Release|Any CPU
		{5807AADC-583F-4F84-BB17-155BF0337246}.Release|x86.Build.0 = Release|Any CPU
		{C9D89783-F930-45DD-B8CE-F308806AC53D}.Debug|Any CPU.ActiveCfg = Debug|Any CPU
		{C9D89783-F930-45DD-B8CE-F308806AC53D}.Debug|Any CPU.Build.0 = Debug|Any CPU
		{C9D89783-F930-45DD-B8CE-F308806AC53D}.Debug|x64.ActiveCfg = Debug|Any CPU
		{C9D89783-F930-45DD-B8CE-F308806AC53D}.Debug|x64.Build.0 = Debug|Any CPU
		{C9D89783-F930-45DD-B8CE-F308806AC53D}.Debug|x86.ActiveCfg = Debug|Any CPU
		{C9D89783-F930-45DD-B8CE-F308806AC53D}.Debug|x86.Build.0 = Debug|Any CPU
		{C9D89783-F930-45DD-B8CE-F308806AC53D}.Release|Any CPU.ActiveCfg = Release|Any CPU
		{C9D89783-F930-45DD-B8CE-F308806AC53D}.Release|Any CPU.Build.0 = Release|Any CPU
		{C9D89783-F930-45DD-B8CE-F308806AC53D}.Release|x64.ActiveCfg = Release|Any CPU
		{C9D89783-F930-45DD-B8CE-F308806AC53D}.Release|x64.Build.0 = Release|Any CPU
		{C9D89783-F930-45DD-B8CE-F308806AC53D}.Release|x86.ActiveCfg = Release|Any CPU
		{C9D89783-F930-45DD-B8CE-F308806AC53D}.Release|x86.Build.0 = Release|Any CPU
		{0D8FF19F-D911-4C27-895F-3B38ECF06101}.Debug|Any CPU.ActiveCfg = Debug|Any CPU
		{0D8FF19F-D911-4C27-895F-3B38ECF06101}.Debug|Any CPU.Build.0 = Debug|Any CPU
		{0D8FF19F-D911-4C27-895F-3B38ECF06101}.Debug|x64.ActiveCfg = Debug|Any CPU
		{0D8FF19F-D911-4C27-895F-3B38ECF06101}.Debug|x64.Build.0 = Debug|Any CPU
		{0D8FF19F-D911-4C27-895F-3B38ECF06101}.Debug|x86.ActiveCfg = Debug|Any CPU
		{0D8FF19F-D911-4C27-895F-3B38ECF06101}.Debug|x86.Build.0 = Debug|Any CPU
		{0D8FF19F-D911-4C27-895F-3B38ECF06101}.Release|Any CPU.ActiveCfg = Release|Any CPU
		{0D8FF19F-D911-4C27-895F-3B38ECF06101}.Release|Any CPU.Build.0 = Release|Any CPU
		{0D8FF19F-D911-4C27-895F-3B38ECF06101}.Release|x64.ActiveCfg = Release|Any CPU
		{0D8FF19F-D911-4C27-895F-3B38ECF06101}.Release|x64.Build.0 = Release|Any CPU
		{0D8FF19F-D911-4C27-895F-3B38ECF06101}.Release|x86.ActiveCfg = Release|Any CPU
		{0D8FF19F-D911-4C27-895F-3B38ECF06101}.Release|x86.Build.0 = Release|Any CPU
		{8BE06515-F31A-4CCF-A280-DA491150AA43}.Debug|Any CPU.ActiveCfg = Debug|Any CPU
		{8BE06515-F31A-4CCF-A280-DA491150AA43}.Debug|Any CPU.Build.0 = Debug|Any CPU
		{8BE06515-F31A-4CCF-A280-DA491150AA43}.Debug|x64.ActiveCfg = Debug|Any CPU
		{8BE06515-F31A-4CCF-A280-DA491150AA43}.Debug|x64.Build.0 = Debug|Any CPU
		{8BE06515-F31A-4CCF-A280-DA491150AA43}.Debug|x86.ActiveCfg = Debug|Any CPU
		{8BE06515-F31A-4CCF-A280-DA491150AA43}.Debug|x86.Build.0 = Debug|Any CPU
		{8BE06515-F31A-4CCF-A280-DA491150AA43}.Release|Any CPU.ActiveCfg = Release|Any CPU
		{8BE06515-F31A-4CCF-A280-DA491150AA43}.Release|Any CPU.Build.0 = Release|Any CPU
		{8BE06515-F31A-4CCF-A280-DA491150AA43}.Release|x64.ActiveCfg = Release|Any CPU
		{8BE06515-F31A-4CCF-A280-DA491150AA43}.Release|x64.Build.0 = Release|Any CPU
		{8BE06515-F31A-4CCF-A280-DA491150AA43}.Release|x86.ActiveCfg = Release|Any CPU
		{8BE06515-F31A-4CCF-A280-DA491150AA43}.Release|x86.Build.0 = Release|Any CPU
		{4779B360-291A-4815-892C-F3321B161AB1}.Debug|Any CPU.ActiveCfg = Debug|Any CPU
		{4779B360-291A-4815-892C-F3321B161AB1}.Debug|Any CPU.Build.0 = Debug|Any CPU
		{4779B360-291A-4815-892C-F3321B161AB1}.Debug|x64.ActiveCfg = Debug|Any CPU
		{4779B360-291A-4815-892C-F3321B161AB1}.Debug|x64.Build.0 = Debug|Any CPU
		{4779B360-291A-4815-892C-F3321B161AB1}.Debug|x86.ActiveCfg = Debug|Any CPU
		{4779B360-291A-4815-892C-F3321B161AB1}.Debug|x86.Build.0 = Debug|Any CPU
		{4779B360-291A-4815-892C-F3321B161AB1}.Release|Any CPU.ActiveCfg = Release|Any CPU
		{4779B360-291A-4815-892C-F3321B161AB1}.Release|Any CPU.Build.0 = Release|Any CPU
		{4779B360-291A-4815-892C-F3321B161AB1}.Release|x64.ActiveCfg = Release|Any CPU
		{4779B360-291A-4815-892C-F3321B161AB1}.Release|x64.Build.0 = Release|Any CPU
		{4779B360-291A-4815-892C-F3321B161AB1}.Release|x86.ActiveCfg = Release|Any CPU
		{4779B360-291A-4815-892C-F3321B161AB1}.Release|x86.Build.0 = Release|Any CPU
		{B83F9CE8-947F-4611-BE54-BFCF2D2806B3}.Debug|Any CPU.ActiveCfg = Debug|Any CPU
		{B83F9CE8-947F-4611-BE54-BFCF2D2806B3}.Debug|Any CPU.Build.0 = Debug|Any CPU
		{B83F9CE8-947F-4611-BE54-BFCF2D2806B3}.Debug|x64.ActiveCfg = Debug|Any CPU
		{B83F9CE8-947F-4611-BE54-BFCF2D2806B3}.Debug|x64.Build.0 = Debug|Any CPU
		{B83F9CE8-947F-4611-BE54-BFCF2D2806B3}.Debug|x86.ActiveCfg = Debug|Any CPU
		{B83F9CE8-947F-4611-BE54-BFCF2D2806B3}.Debug|x86.Build.0 = Debug|Any CPU
		{B83F9CE8-947F-4611-BE54-BFCF2D2806B3}.Release|Any CPU.ActiveCfg = Release|Any CPU
		{B83F9CE8-947F-4611-BE54-BFCF2D2806B3}.Release|Any CPU.Build.0 = Release|Any CPU
		{B83F9CE8-947F-4611-BE54-BFCF2D2806B3}.Release|x64.ActiveCfg = Release|Any CPU
		{B83F9CE8-947F-4611-BE54-BFCF2D2806B3}.Release|x64.Build.0 = Release|Any CPU
		{B83F9CE8-947F-4611-BE54-BFCF2D2806B3}.Release|x86.ActiveCfg = Release|Any CPU
		{B83F9CE8-947F-4611-BE54-BFCF2D2806B3}.Release|x86.Build.0 = Release|Any CPU
		{BFD1CEEE-A855-462C-9441-400D4A17E927}.Debug|Any CPU.ActiveCfg = Debug|Any CPU
		{BFD1CEEE-A855-462C-9441-400D4A17E927}.Debug|Any CPU.Build.0 = Debug|Any CPU
		{BFD1CEEE-A855-462C-9441-400D4A17E927}.Debug|x64.ActiveCfg = Debug|Any CPU
		{BFD1CEEE-A855-462C-9441-400D4A17E927}.Debug|x64.Build.0 = Debug|Any CPU
		{BFD1CEEE-A855-462C-9441-400D4A17E927}.Debug|x86.ActiveCfg = Debug|Any CPU
		{BFD1CEEE-A855-462C-9441-400D4A17E927}.Debug|x86.Build.0 = Debug|Any CPU
		{BFD1CEEE-A855-462C-9441-400D4A17E927}.Release|Any CPU.ActiveCfg = Release|Any CPU
		{BFD1CEEE-A855-462C-9441-400D4A17E927}.Release|Any CPU.Build.0 = Release|Any CPU
		{BFD1CEEE-A855-462C-9441-400D4A17E927}.Release|x64.ActiveCfg = Release|Any CPU
		{BFD1CEEE-A855-462C-9441-400D4A17E927}.Release|x64.Build.0 = Release|Any CPU
		{BFD1CEEE-A855-462C-9441-400D4A17E927}.Release|x86.ActiveCfg = Release|Any CPU
		{BFD1CEEE-A855-462C-9441-400D4A17E927}.Release|x86.Build.0 = Release|Any CPU
		{7631A481-85B3-475E-8679-01149D7E0777}.Debug|Any CPU.ActiveCfg = Debug|Any CPU
		{7631A481-85B3-475E-8679-01149D7E0777}.Debug|Any CPU.Build.0 = Debug|Any CPU
		{7631A481-85B3-475E-8679-01149D7E0777}.Debug|x64.ActiveCfg = Debug|Any CPU
		{7631A481-85B3-475E-8679-01149D7E0777}.Debug|x64.Build.0 = Debug|Any CPU
		{7631A481-85B3-475E-8679-01149D7E0777}.Debug|x86.ActiveCfg = Debug|Any CPU
		{7631A481-85B3-475E-8679-01149D7E0777}.Debug|x86.Build.0 = Debug|Any CPU
		{7631A481-85B3-475E-8679-01149D7E0777}.Release|Any CPU.ActiveCfg = Release|Any CPU
		{7631A481-85B3-475E-8679-01149D7E0777}.Release|Any CPU.Build.0 = Release|Any CPU
		{7631A481-85B3-475E-8679-01149D7E0777}.Release|x64.ActiveCfg = Release|Any CPU
		{7631A481-85B3-475E-8679-01149D7E0777}.Release|x64.Build.0 = Release|Any CPU
		{7631A481-85B3-475E-8679-01149D7E0777}.Release|x86.ActiveCfg = Release|Any CPU
		{7631A481-85B3-475E-8679-01149D7E0777}.Release|x86.Build.0 = Release|Any CPU
		{2F7CCD20-906B-4CF2-9383-D8221CC99E4B}.Debug|Any CPU.ActiveCfg = Debug|Any CPU
		{2F7CCD20-906B-4CF2-9383-D8221CC99E4B}.Debug|Any CPU.Build.0 = Debug|Any CPU
		{2F7CCD20-906B-4CF2-9383-D8221CC99E4B}.Debug|x64.ActiveCfg = Debug|Any CPU
		{2F7CCD20-906B-4CF2-9383-D8221CC99E4B}.Debug|x64.Build.0 = Debug|Any CPU
		{2F7CCD20-906B-4CF2-9383-D8221CC99E4B}.Debug|x86.ActiveCfg = Debug|Any CPU
		{2F7CCD20-906B-4CF2-9383-D8221CC99E4B}.Debug|x86.Build.0 = Debug|Any CPU
		{2F7CCD20-906B-4CF2-9383-D8221CC99E4B}.Release|Any CPU.ActiveCfg = Release|Any CPU
		{2F7CCD20-906B-4CF2-9383-D8221CC99E4B}.Release|Any CPU.Build.0 = Release|Any CPU
		{2F7CCD20-906B-4CF2-9383-D8221CC99E4B}.Release|x64.ActiveCfg = Release|Any CPU
		{2F7CCD20-906B-4CF2-9383-D8221CC99E4B}.Release|x64.Build.0 = Release|Any CPU
		{2F7CCD20-906B-4CF2-9383-D8221CC99E4B}.Release|x86.ActiveCfg = Release|Any CPU
		{2F7CCD20-906B-4CF2-9383-D8221CC99E4B}.Release|x86.Build.0 = Release|Any CPU
		{E49B0AD9-0150-4B7A-B3F4-248271EC8436}.Debug|Any CPU.ActiveCfg = Debug|Any CPU
		{E49B0AD9-0150-4B7A-B3F4-248271EC8436}.Debug|Any CPU.Build.0 = Debug|Any CPU
		{E49B0AD9-0150-4B7A-B3F4-248271EC8436}.Debug|x64.ActiveCfg = Debug|Any CPU
		{E49B0AD9-0150-4B7A-B3F4-248271EC8436}.Debug|x64.Build.0 = Debug|Any CPU
		{E49B0AD9-0150-4B7A-B3F4-248271EC8436}.Debug|x86.ActiveCfg = Debug|Any CPU
		{E49B0AD9-0150-4B7A-B3F4-248271EC8436}.Debug|x86.Build.0 = Debug|Any CPU
		{E49B0AD9-0150-4B7A-B3F4-248271EC8436}.Release|Any CPU.ActiveCfg = Release|Any CPU
		{E49B0AD9-0150-4B7A-B3F4-248271EC8436}.Release|Any CPU.Build.0 = Release|Any CPU
		{E49B0AD9-0150-4B7A-B3F4-248271EC8436}.Release|x64.ActiveCfg = Release|Any CPU
		{E49B0AD9-0150-4B7A-B3F4-248271EC8436}.Release|x64.Build.0 = Release|Any CPU
		{E49B0AD9-0150-4B7A-B3F4-248271EC8436}.Release|x86.ActiveCfg = Release|Any CPU
		{E49B0AD9-0150-4B7A-B3F4-248271EC8436}.Release|x86.Build.0 = Release|Any CPU
		{41B3236F-1109-44EC-99C5-79C231AE5700}.Debug|Any CPU.ActiveCfg = Debug|Any CPU
		{41B3236F-1109-44EC-99C5-79C231AE5700}.Debug|Any CPU.Build.0 = Debug|Any CPU
		{41B3236F-1109-44EC-99C5-79C231AE5700}.Debug|x64.ActiveCfg = Debug|Any CPU
		{41B3236F-1109-44EC-99C5-79C231AE5700}.Debug|x64.Build.0 = Debug|Any CPU
		{41B3236F-1109-44EC-99C5-79C231AE5700}.Debug|x86.ActiveCfg = Debug|Any CPU
		{41B3236F-1109-44EC-99C5-79C231AE5700}.Debug|x86.Build.0 = Debug|Any CPU
		{41B3236F-1109-44EC-99C5-79C231AE5700}.Release|Any CPU.ActiveCfg = Release|Any CPU
		{41B3236F-1109-44EC-99C5-79C231AE5700}.Release|Any CPU.Build.0 = Release|Any CPU
		{41B3236F-1109-44EC-99C5-79C231AE5700}.Release|x64.ActiveCfg = Release|Any CPU
		{41B3236F-1109-44EC-99C5-79C231AE5700}.Release|x64.Build.0 = Release|Any CPU
		{41B3236F-1109-44EC-99C5-79C231AE5700}.Release|x86.ActiveCfg = Release|Any CPU
		{41B3236F-1109-44EC-99C5-79C231AE5700}.Release|x86.Build.0 = Release|Any CPU
		{E49E3135-0BC3-4482-B177-78943B08B002}.Debug|Any CPU.ActiveCfg = Debug|Any CPU
		{E49E3135-0BC3-4482-B177-78943B08B002}.Debug|Any CPU.Build.0 = Debug|Any CPU
		{E49E3135-0BC3-4482-B177-78943B08B002}.Debug|x64.ActiveCfg = Debug|Any CPU
		{E49E3135-0BC3-4482-B177-78943B08B002}.Debug|x64.Build.0 = Debug|Any CPU
		{E49E3135-0BC3-4482-B177-78943B08B002}.Debug|x86.ActiveCfg = Debug|Any CPU
		{E49E3135-0BC3-4482-B177-78943B08B002}.Debug|x86.Build.0 = Debug|Any CPU
		{E49E3135-0BC3-4482-B177-78943B08B002}.Release|Any CPU.ActiveCfg = Release|Any CPU
		{E49E3135-0BC3-4482-B177-78943B08B002}.Release|Any CPU.Build.0 = Release|Any CPU
		{E49E3135-0BC3-4482-B177-78943B08B002}.Release|x64.ActiveCfg = Release|Any CPU
		{E49E3135-0BC3-4482-B177-78943B08B002}.Release|x64.Build.0 = Release|Any CPU
		{E49E3135-0BC3-4482-B177-78943B08B002}.Release|x86.ActiveCfg = Release|Any CPU
		{E49E3135-0BC3-4482-B177-78943B08B002}.Release|x86.Build.0 = Release|Any CPU
		{0F3A1F61-392D-4051-AA99-5EA0E805B7E2}.Debug|Any CPU.ActiveCfg = Debug|Any CPU
		{0F3A1F61-392D-4051-AA99-5EA0E805B7E2}.Debug|Any CPU.Build.0 = Debug|Any CPU
		{0F3A1F61-392D-4051-AA99-5EA0E805B7E2}.Debug|x64.ActiveCfg = Debug|Any CPU
		{0F3A1F61-392D-4051-AA99-5EA0E805B7E2}.Debug|x64.Build.0 = Debug|Any CPU
		{0F3A1F61-392D-4051-AA99-5EA0E805B7E2}.Debug|x86.ActiveCfg = Debug|Any CPU
		{0F3A1F61-392D-4051-AA99-5EA0E805B7E2}.Debug|x86.Build.0 = Debug|Any CPU
		{0F3A1F61-392D-4051-AA99-5EA0E805B7E2}.Release|Any CPU.ActiveCfg = Release|Any CPU
		{0F3A1F61-392D-4051-AA99-5EA0E805B7E2}.Release|Any CPU.Build.0 = Release|Any CPU
		{0F3A1F61-392D-4051-AA99-5EA0E805B7E2}.Release|x64.ActiveCfg = Release|Any CPU
		{0F3A1F61-392D-4051-AA99-5EA0E805B7E2}.Release|x64.Build.0 = Release|Any CPU
		{0F3A1F61-392D-4051-AA99-5EA0E805B7E2}.Release|x86.ActiveCfg = Release|Any CPU
		{0F3A1F61-392D-4051-AA99-5EA0E805B7E2}.Release|x86.Build.0 = Release|Any CPU
		{71285BAD-63F1-428D-A93A-AD9629DD5D25}.Debug|Any CPU.ActiveCfg = Debug|Any CPU
		{71285BAD-63F1-428D-A93A-AD9629DD5D25}.Debug|Any CPU.Build.0 = Debug|Any CPU
		{71285BAD-63F1-428D-A93A-AD9629DD5D25}.Debug|x64.ActiveCfg = Debug|Any CPU
		{71285BAD-63F1-428D-A93A-AD9629DD5D25}.Debug|x64.Build.0 = Debug|Any CPU
		{71285BAD-63F1-428D-A93A-AD9629DD5D25}.Debug|x86.ActiveCfg = Debug|Any CPU
		{71285BAD-63F1-428D-A93A-AD9629DD5D25}.Debug|x86.Build.0 = Debug|Any CPU
		{71285BAD-63F1-428D-A93A-AD9629DD5D25}.Release|Any CPU.ActiveCfg = Release|Any CPU
		{71285BAD-63F1-428D-A93A-AD9629DD5D25}.Release|Any CPU.Build.0 = Release|Any CPU
		{71285BAD-63F1-428D-A93A-AD9629DD5D25}.Release|x64.ActiveCfg = Release|Any CPU
		{71285BAD-63F1-428D-A93A-AD9629DD5D25}.Release|x64.Build.0 = Release|Any CPU
		{71285BAD-63F1-428D-A93A-AD9629DD5D25}.Release|x86.ActiveCfg = Release|Any CPU
		{71285BAD-63F1-428D-A93A-AD9629DD5D25}.Release|x86.Build.0 = Release|Any CPU
		{D7381C6C-AB7F-4687-AFBE-18977269AFC2}.Debug|Any CPU.ActiveCfg = Debug|Any CPU
		{D7381C6C-AB7F-4687-AFBE-18977269AFC2}.Debug|Any CPU.Build.0 = Debug|Any CPU
		{D7381C6C-AB7F-4687-AFBE-18977269AFC2}.Debug|x64.ActiveCfg = Debug|Any CPU
		{D7381C6C-AB7F-4687-AFBE-18977269AFC2}.Debug|x64.Build.0 = Debug|Any CPU
		{D7381C6C-AB7F-4687-AFBE-18977269AFC2}.Debug|x86.ActiveCfg = Debug|Any CPU
		{D7381C6C-AB7F-4687-AFBE-18977269AFC2}.Debug|x86.Build.0 = Debug|Any CPU
		{D7381C6C-AB7F-4687-AFBE-18977269AFC2}.Release|Any CPU.ActiveCfg = Release|Any CPU
		{D7381C6C-AB7F-4687-AFBE-18977269AFC2}.Release|Any CPU.Build.0 = Release|Any CPU
		{D7381C6C-AB7F-4687-AFBE-18977269AFC2}.Release|x64.ActiveCfg = Release|Any CPU
		{D7381C6C-AB7F-4687-AFBE-18977269AFC2}.Release|x64.Build.0 = Release|Any CPU
		{D7381C6C-AB7F-4687-AFBE-18977269AFC2}.Release|x86.ActiveCfg = Release|Any CPU
		{D7381C6C-AB7F-4687-AFBE-18977269AFC2}.Release|x86.Build.0 = Release|Any CPU
		{6A1CC9D3-4619-4B83-8568-D94C5AA4C6C3}.Debug|Any CPU.ActiveCfg = Debug|Any CPU
		{6A1CC9D3-4619-4B83-8568-D94C5AA4C6C3}.Debug|Any CPU.Build.0 = Debug|Any CPU
		{6A1CC9D3-4619-4B83-8568-D94C5AA4C6C3}.Debug|x64.ActiveCfg = Debug|Any CPU
		{6A1CC9D3-4619-4B83-8568-D94C5AA4C6C3}.Debug|x64.Build.0 = Debug|Any CPU
		{6A1CC9D3-4619-4B83-8568-D94C5AA4C6C3}.Debug|x86.ActiveCfg = Debug|Any CPU
		{6A1CC9D3-4619-4B83-8568-D94C5AA4C6C3}.Debug|x86.Build.0 = Debug|Any CPU
		{6A1CC9D3-4619-4B83-8568-D94C5AA4C6C3}.Release|Any CPU.ActiveCfg = Release|Any CPU
		{6A1CC9D3-4619-4B83-8568-D94C5AA4C6C3}.Release|Any CPU.Build.0 = Release|Any CPU
		{6A1CC9D3-4619-4B83-8568-D94C5AA4C6C3}.Release|x64.ActiveCfg = Release|Any CPU
		{6A1CC9D3-4619-4B83-8568-D94C5AA4C6C3}.Release|x64.Build.0 = Release|Any CPU
		{6A1CC9D3-4619-4B83-8568-D94C5AA4C6C3}.Release|x86.ActiveCfg = Release|Any CPU
		{6A1CC9D3-4619-4B83-8568-D94C5AA4C6C3}.Release|x86.Build.0 = Release|Any CPU
		{EE8D0395-65DE-4C09-B90E-682F433CFD3F}.Debug|Any CPU.ActiveCfg = Debug|Any CPU
		{EE8D0395-65DE-4C09-B90E-682F433CFD3F}.Debug|Any CPU.Build.0 = Debug|Any CPU
		{EE8D0395-65DE-4C09-B90E-682F433CFD3F}.Debug|x64.ActiveCfg = Debug|Any CPU
		{EE8D0395-65DE-4C09-B90E-682F433CFD3F}.Debug|x64.Build.0 = Debug|Any CPU
		{EE8D0395-65DE-4C09-B90E-682F433CFD3F}.Debug|x86.ActiveCfg = Debug|Any CPU
		{EE8D0395-65DE-4C09-B90E-682F433CFD3F}.Debug|x86.Build.0 = Debug|Any CPU
		{EE8D0395-65DE-4C09-B90E-682F433CFD3F}.Release|Any CPU.ActiveCfg = Release|Any CPU
		{EE8D0395-65DE-4C09-B90E-682F433CFD3F}.Release|Any CPU.Build.0 = Release|Any CPU
		{EE8D0395-65DE-4C09-B90E-682F433CFD3F}.Release|x64.ActiveCfg = Release|Any CPU
		{EE8D0395-65DE-4C09-B90E-682F433CFD3F}.Release|x64.Build.0 = Release|Any CPU
		{EE8D0395-65DE-4C09-B90E-682F433CFD3F}.Release|x86.ActiveCfg = Release|Any CPU
		{EE8D0395-65DE-4C09-B90E-682F433CFD3F}.Release|x86.Build.0 = Release|Any CPU
		{F96463B7-C162-4A1A-8EED-6C030F4B6512}.Debug|Any CPU.ActiveCfg = Debug|Any CPU
		{F96463B7-C162-4A1A-8EED-6C030F4B6512}.Debug|Any CPU.Build.0 = Debug|Any CPU
		{F96463B7-C162-4A1A-8EED-6C030F4B6512}.Debug|x64.ActiveCfg = Debug|Any CPU
		{F96463B7-C162-4A1A-8EED-6C030F4B6512}.Debug|x64.Build.0 = Debug|Any CPU
		{F96463B7-C162-4A1A-8EED-6C030F4B6512}.Debug|x86.ActiveCfg = Debug|Any CPU
		{F96463B7-C162-4A1A-8EED-6C030F4B6512}.Debug|x86.Build.0 = Debug|Any CPU
		{F96463B7-C162-4A1A-8EED-6C030F4B6512}.Release|Any CPU.ActiveCfg = Release|Any CPU
		{F96463B7-C162-4A1A-8EED-6C030F4B6512}.Release|Any CPU.Build.0 = Release|Any CPU
		{F96463B7-C162-4A1A-8EED-6C030F4B6512}.Release|x64.ActiveCfg = Release|Any CPU
		{F96463B7-C162-4A1A-8EED-6C030F4B6512}.Release|x64.Build.0 = Release|Any CPU
		{F96463B7-C162-4A1A-8EED-6C030F4B6512}.Release|x86.ActiveCfg = Release|Any CPU
		{F96463B7-C162-4A1A-8EED-6C030F4B6512}.Release|x86.Build.0 = Release|Any CPU
		{74C7BBD9-310E-4BB7-863D-AA77CC1330B0}.Debug|Any CPU.ActiveCfg = Debug|Any CPU
		{74C7BBD9-310E-4BB7-863D-AA77CC1330B0}.Debug|Any CPU.Build.0 = Debug|Any CPU
		{74C7BBD9-310E-4BB7-863D-AA77CC1330B0}.Debug|x64.ActiveCfg = Debug|Any CPU
		{74C7BBD9-310E-4BB7-863D-AA77CC1330B0}.Debug|x64.Build.0 = Debug|Any CPU
		{74C7BBD9-310E-4BB7-863D-AA77CC1330B0}.Debug|x86.ActiveCfg = Debug|Any CPU
		{74C7BBD9-310E-4BB7-863D-AA77CC1330B0}.Debug|x86.Build.0 = Debug|Any CPU
		{74C7BBD9-310E-4BB7-863D-AA77CC1330B0}.Release|Any CPU.ActiveCfg = Release|Any CPU
		{74C7BBD9-310E-4BB7-863D-AA77CC1330B0}.Release|Any CPU.Build.0 = Release|Any CPU
		{74C7BBD9-310E-4BB7-863D-AA77CC1330B0}.Release|x64.ActiveCfg = Release|Any CPU
		{74C7BBD9-310E-4BB7-863D-AA77CC1330B0}.Release|x64.Build.0 = Release|Any CPU
		{74C7BBD9-310E-4BB7-863D-AA77CC1330B0}.Release|x86.ActiveCfg = Release|Any CPU
		{74C7BBD9-310E-4BB7-863D-AA77CC1330B0}.Release|x86.Build.0 = Release|Any CPU
		{556EA142-1FA9-4BC7-A3EB-932400990725}.Debug|Any CPU.ActiveCfg = Debug|Any CPU
		{556EA142-1FA9-4BC7-A3EB-932400990725}.Debug|Any CPU.Build.0 = Debug|Any CPU
		{556EA142-1FA9-4BC7-A3EB-932400990725}.Debug|x64.ActiveCfg = Debug|Any CPU
		{556EA142-1FA9-4BC7-A3EB-932400990725}.Debug|x64.Build.0 = Debug|Any CPU
		{556EA142-1FA9-4BC7-A3EB-932400990725}.Debug|x86.ActiveCfg = Debug|Any CPU
		{556EA142-1FA9-4BC7-A3EB-932400990725}.Debug|x86.Build.0 = Debug|Any CPU
		{556EA142-1FA9-4BC7-A3EB-932400990725}.Release|Any CPU.ActiveCfg = Release|Any CPU
		{556EA142-1FA9-4BC7-A3EB-932400990725}.Release|Any CPU.Build.0 = Release|Any CPU
		{556EA142-1FA9-4BC7-A3EB-932400990725}.Release|x64.ActiveCfg = Release|Any CPU
		{556EA142-1FA9-4BC7-A3EB-932400990725}.Release|x64.Build.0 = Release|Any CPU
		{556EA142-1FA9-4BC7-A3EB-932400990725}.Release|x86.ActiveCfg = Release|Any CPU
		{556EA142-1FA9-4BC7-A3EB-932400990725}.Release|x86.Build.0 = Release|Any CPU
		{D80EB5CF-65D1-4E90-889A-83AE690420FA}.Debug|Any CPU.ActiveCfg = Debug|Any CPU
		{D80EB5CF-65D1-4E90-889A-83AE690420FA}.Debug|Any CPU.Build.0 = Debug|Any CPU
		{D80EB5CF-65D1-4E90-889A-83AE690420FA}.Debug|x64.ActiveCfg = Debug|Any CPU
		{D80EB5CF-65D1-4E90-889A-83AE690420FA}.Debug|x64.Build.0 = Debug|Any CPU
		{D80EB5CF-65D1-4E90-889A-83AE690420FA}.Debug|x86.ActiveCfg = Debug|Any CPU
		{D80EB5CF-65D1-4E90-889A-83AE690420FA}.Debug|x86.Build.0 = Debug|Any CPU
		{D80EB5CF-65D1-4E90-889A-83AE690420FA}.Release|Any CPU.ActiveCfg = Release|Any CPU
		{D80EB5CF-65D1-4E90-889A-83AE690420FA}.Release|Any CPU.Build.0 = Release|Any CPU
		{D80EB5CF-65D1-4E90-889A-83AE690420FA}.Release|x64.ActiveCfg = Release|Any CPU
		{D80EB5CF-65D1-4E90-889A-83AE690420FA}.Release|x64.Build.0 = Release|Any CPU
		{D80EB5CF-65D1-4E90-889A-83AE690420FA}.Release|x86.ActiveCfg = Release|Any CPU
		{D80EB5CF-65D1-4E90-889A-83AE690420FA}.Release|x86.Build.0 = Release|Any CPU
		{E14CA698-E097-43F5-86CD-A40524BD66D7}.Debug|Any CPU.ActiveCfg = Debug|Any CPU
		{E14CA698-E097-43F5-86CD-A40524BD66D7}.Debug|Any CPU.Build.0 = Debug|Any CPU
		{E14CA698-E097-43F5-86CD-A40524BD66D7}.Debug|x64.ActiveCfg = Debug|Any CPU
		{E14CA698-E097-43F5-86CD-A40524BD66D7}.Debug|x64.Build.0 = Debug|Any CPU
		{E14CA698-E097-43F5-86CD-A40524BD66D7}.Debug|x86.ActiveCfg = Debug|Any CPU
		{E14CA698-E097-43F5-86CD-A40524BD66D7}.Debug|x86.Build.0 = Debug|Any CPU
		{E14CA698-E097-43F5-86CD-A40524BD66D7}.Release|Any CPU.ActiveCfg = Release|Any CPU
		{E14CA698-E097-43F5-86CD-A40524BD66D7}.Release|Any CPU.Build.0 = Release|Any CPU
		{E14CA698-E097-43F5-86CD-A40524BD66D7}.Release|x64.ActiveCfg = Release|Any CPU
		{E14CA698-E097-43F5-86CD-A40524BD66D7}.Release|x64.Build.0 = Release|Any CPU
		{E14CA698-E097-43F5-86CD-A40524BD66D7}.Release|x86.ActiveCfg = Release|Any CPU
		{E14CA698-E097-43F5-86CD-A40524BD66D7}.Release|x86.Build.0 = Release|Any CPU
		{91A09384-C4BD-4B0E-84C5-9292769D312D}.Debug|Any CPU.ActiveCfg = Debug|Any CPU
		{91A09384-C4BD-4B0E-84C5-9292769D312D}.Debug|Any CPU.Build.0 = Debug|Any CPU
		{91A09384-C4BD-4B0E-84C5-9292769D312D}.Debug|x64.ActiveCfg = Debug|Any CPU
		{91A09384-C4BD-4B0E-84C5-9292769D312D}.Debug|x64.Build.0 = Debug|Any CPU
		{91A09384-C4BD-4B0E-84C5-9292769D312D}.Debug|x86.ActiveCfg = Debug|Any CPU
		{91A09384-C4BD-4B0E-84C5-9292769D312D}.Debug|x86.Build.0 = Debug|Any CPU
		{91A09384-C4BD-4B0E-84C5-9292769D312D}.Release|Any CPU.ActiveCfg = Release|Any CPU
		{91A09384-C4BD-4B0E-84C5-9292769D312D}.Release|Any CPU.Build.0 = Release|Any CPU
		{91A09384-C4BD-4B0E-84C5-9292769D312D}.Release|x64.ActiveCfg = Release|Any CPU
		{91A09384-C4BD-4B0E-84C5-9292769D312D}.Release|x64.Build.0 = Release|Any CPU
		{91A09384-C4BD-4B0E-84C5-9292769D312D}.Release|x86.ActiveCfg = Release|Any CPU
		{91A09384-C4BD-4B0E-84C5-9292769D312D}.Release|x86.Build.0 = Release|Any CPU
		{23F9BA4B-9AA2-4823-B2BA-78AE9D79B530}.Debug|Any CPU.ActiveCfg = Debug|Any CPU
		{23F9BA4B-9AA2-4823-B2BA-78AE9D79B530}.Debug|Any CPU.Build.0 = Debug|Any CPU
		{23F9BA4B-9AA2-4823-B2BA-78AE9D79B530}.Debug|x64.ActiveCfg = Debug|Any CPU
		{23F9BA4B-9AA2-4823-B2BA-78AE9D79B530}.Debug|x64.Build.0 = Debug|Any CPU
		{23F9BA4B-9AA2-4823-B2BA-78AE9D79B530}.Debug|x86.ActiveCfg = Debug|Any CPU
		{23F9BA4B-9AA2-4823-B2BA-78AE9D79B530}.Debug|x86.Build.0 = Debug|Any CPU
		{23F9BA4B-9AA2-4823-B2BA-78AE9D79B530}.Release|Any CPU.ActiveCfg = Release|Any CPU
		{23F9BA4B-9AA2-4823-B2BA-78AE9D79B530}.Release|Any CPU.Build.0 = Release|Any CPU
		{23F9BA4B-9AA2-4823-B2BA-78AE9D79B530}.Release|x64.ActiveCfg = Release|Any CPU
		{23F9BA4B-9AA2-4823-B2BA-78AE9D79B530}.Release|x64.Build.0 = Release|Any CPU
		{23F9BA4B-9AA2-4823-B2BA-78AE9D79B530}.Release|x86.ActiveCfg = Release|Any CPU
		{23F9BA4B-9AA2-4823-B2BA-78AE9D79B530}.Release|x86.Build.0 = Release|Any CPU
		{85F58918-9685-4F03-AB7B-7A23D06DB199}.Debug|Any CPU.ActiveCfg = Debug|Any CPU
		{85F58918-9685-4F03-AB7B-7A23D06DB199}.Debug|Any CPU.Build.0 = Debug|Any CPU
		{85F58918-9685-4F03-AB7B-7A23D06DB199}.Debug|x64.ActiveCfg = Debug|Any CPU
		{85F58918-9685-4F03-AB7B-7A23D06DB199}.Debug|x64.Build.0 = Debug|Any CPU
		{85F58918-9685-4F03-AB7B-7A23D06DB199}.Debug|x86.ActiveCfg = Debug|Any CPU
		{85F58918-9685-4F03-AB7B-7A23D06DB199}.Debug|x86.Build.0 = Debug|Any CPU
		{85F58918-9685-4F03-AB7B-7A23D06DB199}.Release|Any CPU.ActiveCfg = Release|Any CPU
		{85F58918-9685-4F03-AB7B-7A23D06DB199}.Release|Any CPU.Build.0 = Release|Any CPU
		{85F58918-9685-4F03-AB7B-7A23D06DB199}.Release|x64.ActiveCfg = Release|Any CPU
		{85F58918-9685-4F03-AB7B-7A23D06DB199}.Release|x64.Build.0 = Release|Any CPU
		{85F58918-9685-4F03-AB7B-7A23D06DB199}.Release|x86.ActiveCfg = Release|Any CPU
		{85F58918-9685-4F03-AB7B-7A23D06DB199}.Release|x86.Build.0 = Release|Any CPU
		{02FFC108-396D-448C-B0A0-9AB8F2B3CBD2}.Debug|Any CPU.ActiveCfg = Debug|Any CPU
		{02FFC108-396D-448C-B0A0-9AB8F2B3CBD2}.Debug|Any CPU.Build.0 = Debug|Any CPU
		{02FFC108-396D-448C-B0A0-9AB8F2B3CBD2}.Debug|x64.ActiveCfg = Debug|Any CPU
		{02FFC108-396D-448C-B0A0-9AB8F2B3CBD2}.Debug|x64.Build.0 = Debug|Any CPU
		{02FFC108-396D-448C-B0A0-9AB8F2B3CBD2}.Debug|x86.ActiveCfg = Debug|Any CPU
		{02FFC108-396D-448C-B0A0-9AB8F2B3CBD2}.Debug|x86.Build.0 = Debug|Any CPU
		{02FFC108-396D-448C-B0A0-9AB8F2B3CBD2}.Release|Any CPU.ActiveCfg = Release|Any CPU
		{02FFC108-396D-448C-B0A0-9AB8F2B3CBD2}.Release|Any CPU.Build.0 = Release|Any CPU
		{02FFC108-396D-448C-B0A0-9AB8F2B3CBD2}.Release|x64.ActiveCfg = Release|Any CPU
		{02FFC108-396D-448C-B0A0-9AB8F2B3CBD2}.Release|x64.Build.0 = Release|Any CPU
		{02FFC108-396D-448C-B0A0-9AB8F2B3CBD2}.Release|x86.ActiveCfg = Release|Any CPU
		{02FFC108-396D-448C-B0A0-9AB8F2B3CBD2}.Release|x86.Build.0 = Release|Any CPU
		{64DD57D3-4DD9-47BE-894A-1CBA71DA9A3B}.Debug|Any CPU.ActiveCfg = Debug|Any CPU
		{64DD57D3-4DD9-47BE-894A-1CBA71DA9A3B}.Debug|Any CPU.Build.0 = Debug|Any CPU
		{64DD57D3-4DD9-47BE-894A-1CBA71DA9A3B}.Debug|x64.ActiveCfg = Debug|Any CPU
		{64DD57D3-4DD9-47BE-894A-1CBA71DA9A3B}.Debug|x64.Build.0 = Debug|Any CPU
		{64DD57D3-4DD9-47BE-894A-1CBA71DA9A3B}.Debug|x86.ActiveCfg = Debug|Any CPU
		{64DD57D3-4DD9-47BE-894A-1CBA71DA9A3B}.Debug|x86.Build.0 = Debug|Any CPU
		{64DD57D3-4DD9-47BE-894A-1CBA71DA9A3B}.Release|Any CPU.ActiveCfg = Release|Any CPU
		{64DD57D3-4DD9-47BE-894A-1CBA71DA9A3B}.Release|Any CPU.Build.0 = Release|Any CPU
		{64DD57D3-4DD9-47BE-894A-1CBA71DA9A3B}.Release|x64.ActiveCfg = Release|Any CPU
		{64DD57D3-4DD9-47BE-894A-1CBA71DA9A3B}.Release|x64.Build.0 = Release|Any CPU
		{64DD57D3-4DD9-47BE-894A-1CBA71DA9A3B}.Release|x86.ActiveCfg = Release|Any CPU
		{64DD57D3-4DD9-47BE-894A-1CBA71DA9A3B}.Release|x86.Build.0 = Release|Any CPU
		{946A9DF7-7486-4D5A-A746-B25D9B14346F}.Debug|Any CPU.ActiveCfg = Debug|Any CPU
		{946A9DF7-7486-4D5A-A746-B25D9B14346F}.Debug|Any CPU.Build.0 = Debug|Any CPU
		{946A9DF7-7486-4D5A-A746-B25D9B14346F}.Debug|x64.ActiveCfg = Debug|Any CPU
		{946A9DF7-7486-4D5A-A746-B25D9B14346F}.Debug|x64.Build.0 = Debug|Any CPU
		{946A9DF7-7486-4D5A-A746-B25D9B14346F}.Debug|x86.ActiveCfg = Debug|Any CPU
		{946A9DF7-7486-4D5A-A746-B25D9B14346F}.Debug|x86.Build.0 = Debug|Any CPU
		{946A9DF7-7486-4D5A-A746-B25D9B14346F}.Release|Any CPU.ActiveCfg = Release|Any CPU
		{946A9DF7-7486-4D5A-A746-B25D9B14346F}.Release|Any CPU.Build.0 = Release|Any CPU
		{946A9DF7-7486-4D5A-A746-B25D9B14346F}.Release|x64.ActiveCfg = Release|Any CPU
		{946A9DF7-7486-4D5A-A746-B25D9B14346F}.Release|x64.Build.0 = Release|Any CPU
		{946A9DF7-7486-4D5A-A746-B25D9B14346F}.Release|x86.ActiveCfg = Release|Any CPU
		{946A9DF7-7486-4D5A-A746-B25D9B14346F}.Release|x86.Build.0 = Release|Any CPU
		{2F5C8720-81A1-4A60-8B30-6BF4ECDB33CE}.Debug|Any CPU.ActiveCfg = Debug|Any CPU
		{2F5C8720-81A1-4A60-8B30-6BF4ECDB33CE}.Debug|Any CPU.Build.0 = Debug|Any CPU
		{2F5C8720-81A1-4A60-8B30-6BF4ECDB33CE}.Debug|x64.ActiveCfg = Debug|Any CPU
		{2F5C8720-81A1-4A60-8B30-6BF4ECDB33CE}.Debug|x64.Build.0 = Debug|Any CPU
		{2F5C8720-81A1-4A60-8B30-6BF4ECDB33CE}.Debug|x86.ActiveCfg = Debug|Any CPU
		{2F5C8720-81A1-4A60-8B30-6BF4ECDB33CE}.Debug|x86.Build.0 = Debug|Any CPU
		{2F5C8720-81A1-4A60-8B30-6BF4ECDB33CE}.Release|Any CPU.ActiveCfg = Release|Any CPU
		{2F5C8720-81A1-4A60-8B30-6BF4ECDB33CE}.Release|Any CPU.Build.0 = Release|Any CPU
		{2F5C8720-81A1-4A60-8B30-6BF4ECDB33CE}.Release|x64.ActiveCfg = Release|Any CPU
		{2F5C8720-81A1-4A60-8B30-6BF4ECDB33CE}.Release|x64.Build.0 = Release|Any CPU
		{2F5C8720-81A1-4A60-8B30-6BF4ECDB33CE}.Release|x86.ActiveCfg = Release|Any CPU
		{2F5C8720-81A1-4A60-8B30-6BF4ECDB33CE}.Release|x86.Build.0 = Release|Any CPU
		{0D06B7DA-9ADF-4981-B0BA-69ACF9307FE0}.Debug|Any CPU.ActiveCfg = Debug|Any CPU
		{0D06B7DA-9ADF-4981-B0BA-69ACF9307FE0}.Debug|Any CPU.Build.0 = Debug|Any CPU
		{0D06B7DA-9ADF-4981-B0BA-69ACF9307FE0}.Debug|x64.ActiveCfg = Debug|Any CPU
		{0D06B7DA-9ADF-4981-B0BA-69ACF9307FE0}.Debug|x64.Build.0 = Debug|Any CPU
		{0D06B7DA-9ADF-4981-B0BA-69ACF9307FE0}.Debug|x86.ActiveCfg = Debug|Any CPU
		{0D06B7DA-9ADF-4981-B0BA-69ACF9307FE0}.Debug|x86.Build.0 = Debug|Any CPU
		{0D06B7DA-9ADF-4981-B0BA-69ACF9307FE0}.Release|Any CPU.ActiveCfg = Release|Any CPU
		{0D06B7DA-9ADF-4981-B0BA-69ACF9307FE0}.Release|Any CPU.Build.0 = Release|Any CPU
		{0D06B7DA-9ADF-4981-B0BA-69ACF9307FE0}.Release|x64.ActiveCfg = Release|Any CPU
		{0D06B7DA-9ADF-4981-B0BA-69ACF9307FE0}.Release|x64.Build.0 = Release|Any CPU
		{0D06B7DA-9ADF-4981-B0BA-69ACF9307FE0}.Release|x86.ActiveCfg = Release|Any CPU
		{0D06B7DA-9ADF-4981-B0BA-69ACF9307FE0}.Release|x86.Build.0 = Release|Any CPU
		{7CD8559A-A7C2-4FCA-ABE7-9467CA6F05E9}.Debug|Any CPU.ActiveCfg = Debug|Any CPU
		{7CD8559A-A7C2-4FCA-ABE7-9467CA6F05E9}.Debug|Any CPU.Build.0 = Debug|Any CPU
		{7CD8559A-A7C2-4FCA-ABE7-9467CA6F05E9}.Debug|x64.ActiveCfg = Debug|Any CPU
		{7CD8559A-A7C2-4FCA-ABE7-9467CA6F05E9}.Debug|x64.Build.0 = Debug|Any CPU
		{7CD8559A-A7C2-4FCA-ABE7-9467CA6F05E9}.Debug|x86.ActiveCfg = Debug|Any CPU
		{7CD8559A-A7C2-4FCA-ABE7-9467CA6F05E9}.Debug|x86.Build.0 = Debug|Any CPU
		{7CD8559A-A7C2-4FCA-ABE7-9467CA6F05E9}.Release|Any CPU.ActiveCfg = Release|Any CPU
		{7CD8559A-A7C2-4FCA-ABE7-9467CA6F05E9}.Release|Any CPU.Build.0 = Release|Any CPU
		{7CD8559A-A7C2-4FCA-ABE7-9467CA6F05E9}.Release|x64.ActiveCfg = Release|Any CPU
		{7CD8559A-A7C2-4FCA-ABE7-9467CA6F05E9}.Release|x64.Build.0 = Release|Any CPU
		{7CD8559A-A7C2-4FCA-ABE7-9467CA6F05E9}.Release|x86.ActiveCfg = Release|Any CPU
		{7CD8559A-A7C2-4FCA-ABE7-9467CA6F05E9}.Release|x86.Build.0 = Release|Any CPU
		{B3FF05DF-0936-452C-A2FA-EEF8E8668E51}.Debug|Any CPU.ActiveCfg = Debug|Any CPU
		{B3FF05DF-0936-452C-A2FA-EEF8E8668E51}.Debug|Any CPU.Build.0 = Debug|Any CPU
		{B3FF05DF-0936-452C-A2FA-EEF8E8668E51}.Debug|x64.ActiveCfg = Debug|Any CPU
		{B3FF05DF-0936-452C-A2FA-EEF8E8668E51}.Debug|x64.Build.0 = Debug|Any CPU
		{B3FF05DF-0936-452C-A2FA-EEF8E8668E51}.Debug|x86.ActiveCfg = Debug|Any CPU
		{B3FF05DF-0936-452C-A2FA-EEF8E8668E51}.Debug|x86.Build.0 = Debug|Any CPU
		{B3FF05DF-0936-452C-A2FA-EEF8E8668E51}.Release|Any CPU.ActiveCfg = Release|Any CPU
		{B3FF05DF-0936-452C-A2FA-EEF8E8668E51}.Release|Any CPU.Build.0 = Release|Any CPU
		{B3FF05DF-0936-452C-A2FA-EEF8E8668E51}.Release|x64.ActiveCfg = Release|Any CPU
		{B3FF05DF-0936-452C-A2FA-EEF8E8668E51}.Release|x64.Build.0 = Release|Any CPU
		{B3FF05DF-0936-452C-A2FA-EEF8E8668E51}.Release|x86.ActiveCfg = Release|Any CPU
		{B3FF05DF-0936-452C-A2FA-EEF8E8668E51}.Release|x86.Build.0 = Release|Any CPU
		{C5BBF1A0-B13D-43B0-9B57-E795CCD98D5E}.Debug|Any CPU.ActiveCfg = Debug|Any CPU
		{C5BBF1A0-B13D-43B0-9B57-E795CCD98D5E}.Debug|Any CPU.Build.0 = Debug|Any CPU
		{C5BBF1A0-B13D-43B0-9B57-E795CCD98D5E}.Debug|x64.ActiveCfg = Debug|Any CPU
		{C5BBF1A0-B13D-43B0-9B57-E795CCD98D5E}.Debug|x64.Build.0 = Debug|Any CPU
		{C5BBF1A0-B13D-43B0-9B57-E795CCD98D5E}.Debug|x86.ActiveCfg = Debug|Any CPU
		{C5BBF1A0-B13D-43B0-9B57-E795CCD98D5E}.Debug|x86.Build.0 = Debug|Any CPU
		{C5BBF1A0-B13D-43B0-9B57-E795CCD98D5E}.Release|Any CPU.ActiveCfg = Release|Any CPU
		{C5BBF1A0-B13D-43B0-9B57-E795CCD98D5E}.Release|Any CPU.Build.0 = Release|Any CPU
		{C5BBF1A0-B13D-43B0-9B57-E795CCD98D5E}.Release|x64.ActiveCfg = Release|Any CPU
		{C5BBF1A0-B13D-43B0-9B57-E795CCD98D5E}.Release|x64.Build.0 = Release|Any CPU
		{C5BBF1A0-B13D-43B0-9B57-E795CCD98D5E}.Release|x86.ActiveCfg = Release|Any CPU
		{C5BBF1A0-B13D-43B0-9B57-E795CCD98D5E}.Release|x86.Build.0 = Release|Any CPU
		{E75DA20B-1FF0-4141-A9B5-F98947C1683B}.Debug|Any CPU.ActiveCfg = Debug|Any CPU
		{E75DA20B-1FF0-4141-A9B5-F98947C1683B}.Debug|Any CPU.Build.0 = Debug|Any CPU
		{E75DA20B-1FF0-4141-A9B5-F98947C1683B}.Debug|x64.ActiveCfg = Debug|Any CPU
		{E75DA20B-1FF0-4141-A9B5-F98947C1683B}.Debug|x64.Build.0 = Debug|Any CPU
		{E75DA20B-1FF0-4141-A9B5-F98947C1683B}.Debug|x86.ActiveCfg = Debug|Any CPU
		{E75DA20B-1FF0-4141-A9B5-F98947C1683B}.Debug|x86.Build.0 = Debug|Any CPU
		{E75DA20B-1FF0-4141-A9B5-F98947C1683B}.Release|Any CPU.ActiveCfg = Release|Any CPU
		{E75DA20B-1FF0-4141-A9B5-F98947C1683B}.Release|Any CPU.Build.0 = Release|Any CPU
		{E75DA20B-1FF0-4141-A9B5-F98947C1683B}.Release|x64.ActiveCfg = Release|Any CPU
		{E75DA20B-1FF0-4141-A9B5-F98947C1683B}.Release|x64.Build.0 = Release|Any CPU
		{E75DA20B-1FF0-4141-A9B5-F98947C1683B}.Release|x86.ActiveCfg = Release|Any CPU
		{E75DA20B-1FF0-4141-A9B5-F98947C1683B}.Release|x86.Build.0 = Release|Any CPU
		{9127B6A6-ADAF-467E-B872-029DBF5952B6}.Debug|Any CPU.ActiveCfg = Debug|Any CPU
		{9127B6A6-ADAF-467E-B872-029DBF5952B6}.Debug|Any CPU.Build.0 = Debug|Any CPU
		{9127B6A6-ADAF-467E-B872-029DBF5952B6}.Debug|x64.ActiveCfg = Debug|Any CPU
		{9127B6A6-ADAF-467E-B872-029DBF5952B6}.Debug|x64.Build.0 = Debug|Any CPU
		{9127B6A6-ADAF-467E-B872-029DBF5952B6}.Debug|x86.ActiveCfg = Debug|Any CPU
		{9127B6A6-ADAF-467E-B872-029DBF5952B6}.Debug|x86.Build.0 = Debug|Any CPU
		{9127B6A6-ADAF-467E-B872-029DBF5952B6}.Release|Any CPU.ActiveCfg = Release|Any CPU
		{9127B6A6-ADAF-467E-B872-029DBF5952B6}.Release|Any CPU.Build.0 = Release|Any CPU
		{9127B6A6-ADAF-467E-B872-029DBF5952B6}.Release|x64.ActiveCfg = Release|Any CPU
		{9127B6A6-ADAF-467E-B872-029DBF5952B6}.Release|x64.Build.0 = Release|Any CPU
		{9127B6A6-ADAF-467E-B872-029DBF5952B6}.Release|x86.ActiveCfg = Release|Any CPU
		{9127B6A6-ADAF-467E-B872-029DBF5952B6}.Release|x86.Build.0 = Release|Any CPU
		{A5BE03D4-279B-4ED5-831E-6C95AAB767C6}.Debug|Any CPU.ActiveCfg = Debug|Any CPU
		{A5BE03D4-279B-4ED5-831E-6C95AAB767C6}.Debug|Any CPU.Build.0 = Debug|Any CPU
		{A5BE03D4-279B-4ED5-831E-6C95AAB767C6}.Debug|x64.ActiveCfg = Debug|Any CPU
		{A5BE03D4-279B-4ED5-831E-6C95AAB767C6}.Debug|x64.Build.0 = Debug|Any CPU
		{A5BE03D4-279B-4ED5-831E-6C95AAB767C6}.Debug|x86.ActiveCfg = Debug|Any CPU
		{A5BE03D4-279B-4ED5-831E-6C95AAB767C6}.Debug|x86.Build.0 = Debug|Any CPU
		{A5BE03D4-279B-4ED5-831E-6C95AAB767C6}.Release|Any CPU.ActiveCfg = Release|Any CPU
		{A5BE03D4-279B-4ED5-831E-6C95AAB767C6}.Release|Any CPU.Build.0 = Release|Any CPU
		{A5BE03D4-279B-4ED5-831E-6C95AAB767C6}.Release|x64.ActiveCfg = Release|Any CPU
		{A5BE03D4-279B-4ED5-831E-6C95AAB767C6}.Release|x64.Build.0 = Release|Any CPU
		{A5BE03D4-279B-4ED5-831E-6C95AAB767C6}.Release|x86.ActiveCfg = Release|Any CPU
		{A5BE03D4-279B-4ED5-831E-6C95AAB767C6}.Release|x86.Build.0 = Release|Any CPU
		{1C10D339-BD4D-4172-B283-D547CF34CC6F}.Debug|Any CPU.ActiveCfg = Debug|Any CPU
		{1C10D339-BD4D-4172-B283-D547CF34CC6F}.Debug|Any CPU.Build.0 = Debug|Any CPU
		{1C10D339-BD4D-4172-B283-D547CF34CC6F}.Debug|x64.ActiveCfg = Debug|Any CPU
		{1C10D339-BD4D-4172-B283-D547CF34CC6F}.Debug|x64.Build.0 = Debug|Any CPU
		{1C10D339-BD4D-4172-B283-D547CF34CC6F}.Debug|x86.ActiveCfg = Debug|Any CPU
		{1C10D339-BD4D-4172-B283-D547CF34CC6F}.Debug|x86.Build.0 = Debug|Any CPU
		{1C10D339-BD4D-4172-B283-D547CF34CC6F}.Release|Any CPU.ActiveCfg = Release|Any CPU
		{1C10D339-BD4D-4172-B283-D547CF34CC6F}.Release|Any CPU.Build.0 = Release|Any CPU
		{1C10D339-BD4D-4172-B283-D547CF34CC6F}.Release|x64.ActiveCfg = Release|Any CPU
		{1C10D339-BD4D-4172-B283-D547CF34CC6F}.Release|x64.Build.0 = Release|Any CPU
		{1C10D339-BD4D-4172-B283-D547CF34CC6F}.Release|x86.ActiveCfg = Release|Any CPU
		{1C10D339-BD4D-4172-B283-D547CF34CC6F}.Release|x86.Build.0 = Release|Any CPU
		{7DC19B8A-19B8-4D69-9B6D-5E18D463674A}.Debug|Any CPU.ActiveCfg = Debug|Any CPU
		{7DC19B8A-19B8-4D69-9B6D-5E18D463674A}.Debug|Any CPU.Build.0 = Debug|Any CPU
		{7DC19B8A-19B8-4D69-9B6D-5E18D463674A}.Debug|x64.ActiveCfg = Debug|Any CPU
		{7DC19B8A-19B8-4D69-9B6D-5E18D463674A}.Debug|x64.Build.0 = Debug|Any CPU
		{7DC19B8A-19B8-4D69-9B6D-5E18D463674A}.Debug|x86.ActiveCfg = Debug|Any CPU
		{7DC19B8A-19B8-4D69-9B6D-5E18D463674A}.Debug|x86.Build.0 = Debug|Any CPU
		{7DC19B8A-19B8-4D69-9B6D-5E18D463674A}.Release|Any CPU.ActiveCfg = Release|Any CPU
		{7DC19B8A-19B8-4D69-9B6D-5E18D463674A}.Release|Any CPU.Build.0 = Release|Any CPU
		{7DC19B8A-19B8-4D69-9B6D-5E18D463674A}.Release|x64.ActiveCfg = Release|Any CPU
		{7DC19B8A-19B8-4D69-9B6D-5E18D463674A}.Release|x64.Build.0 = Release|Any CPU
		{7DC19B8A-19B8-4D69-9B6D-5E18D463674A}.Release|x86.ActiveCfg = Release|Any CPU
		{7DC19B8A-19B8-4D69-9B6D-5E18D463674A}.Release|x86.Build.0 = Release|Any CPU
		{832AA6C5-B694-4545-AC5D-57C104DF7952}.Debug|Any CPU.ActiveCfg = Debug|Any CPU
		{832AA6C5-B694-4545-AC5D-57C104DF7952}.Debug|Any CPU.Build.0 = Debug|Any CPU
		{832AA6C5-B694-4545-AC5D-57C104DF7952}.Debug|x64.ActiveCfg = Debug|Any CPU
		{832AA6C5-B694-4545-AC5D-57C104DF7952}.Debug|x64.Build.0 = Debug|Any CPU
		{832AA6C5-B694-4545-AC5D-57C104DF7952}.Debug|x86.ActiveCfg = Debug|Any CPU
		{832AA6C5-B694-4545-AC5D-57C104DF7952}.Debug|x86.Build.0 = Debug|Any CPU
		{832AA6C5-B694-4545-AC5D-57C104DF7952}.Release|Any CPU.ActiveCfg = Release|Any CPU
		{832AA6C5-B694-4545-AC5D-57C104DF7952}.Release|Any CPU.Build.0 = Release|Any CPU
		{832AA6C5-B694-4545-AC5D-57C104DF7952}.Release|x64.ActiveCfg = Release|Any CPU
		{832AA6C5-B694-4545-AC5D-57C104DF7952}.Release|x64.Build.0 = Release|Any CPU
		{832AA6C5-B694-4545-AC5D-57C104DF7952}.Release|x86.ActiveCfg = Release|Any CPU
		{832AA6C5-B694-4545-AC5D-57C104DF7952}.Release|x86.Build.0 = Release|Any CPU
		{A319FE98-1CD6-4D96-8E2D-701E68CAFE1A}.Debug|Any CPU.ActiveCfg = Debug|Any CPU
		{A319FE98-1CD6-4D96-8E2D-701E68CAFE1A}.Debug|Any CPU.Build.0 = Debug|Any CPU
		{A319FE98-1CD6-4D96-8E2D-701E68CAFE1A}.Debug|x64.ActiveCfg = Debug|Any CPU
		{A319FE98-1CD6-4D96-8E2D-701E68CAFE1A}.Debug|x64.Build.0 = Debug|Any CPU
		{A319FE98-1CD6-4D96-8E2D-701E68CAFE1A}.Debug|x86.ActiveCfg = Debug|Any CPU
		{A319FE98-1CD6-4D96-8E2D-701E68CAFE1A}.Debug|x86.Build.0 = Debug|Any CPU
		{A319FE98-1CD6-4D96-8E2D-701E68CAFE1A}.Release|Any CPU.ActiveCfg = Release|Any CPU
		{A319FE98-1CD6-4D96-8E2D-701E68CAFE1A}.Release|Any CPU.Build.0 = Release|Any CPU
		{A319FE98-1CD6-4D96-8E2D-701E68CAFE1A}.Release|x64.ActiveCfg = Release|Any CPU
		{A319FE98-1CD6-4D96-8E2D-701E68CAFE1A}.Release|x64.Build.0 = Release|Any CPU
		{A319FE98-1CD6-4D96-8E2D-701E68CAFE1A}.Release|x86.ActiveCfg = Release|Any CPU
		{A319FE98-1CD6-4D96-8E2D-701E68CAFE1A}.Release|x86.Build.0 = Release|Any CPU
		{0AB10FB3-E364-4292-A7F2-6D03ED2D1B6B}.Debug|Any CPU.ActiveCfg = Debug|Any CPU
		{0AB10FB3-E364-4292-A7F2-6D03ED2D1B6B}.Debug|Any CPU.Build.0 = Debug|Any CPU
		{0AB10FB3-E364-4292-A7F2-6D03ED2D1B6B}.Debug|x64.ActiveCfg = Debug|Any CPU
		{0AB10FB3-E364-4292-A7F2-6D03ED2D1B6B}.Debug|x64.Build.0 = Debug|Any CPU
		{0AB10FB3-E364-4292-A7F2-6D03ED2D1B6B}.Debug|x86.ActiveCfg = Debug|Any CPU
		{0AB10FB3-E364-4292-A7F2-6D03ED2D1B6B}.Debug|x86.Build.0 = Debug|Any CPU
		{0AB10FB3-E364-4292-A7F2-6D03ED2D1B6B}.Release|Any CPU.ActiveCfg = Release|Any CPU
		{0AB10FB3-E364-4292-A7F2-6D03ED2D1B6B}.Release|Any CPU.Build.0 = Release|Any CPU
		{0AB10FB3-E364-4292-A7F2-6D03ED2D1B6B}.Release|x64.ActiveCfg = Release|Any CPU
		{0AB10FB3-E364-4292-A7F2-6D03ED2D1B6B}.Release|x64.Build.0 = Release|Any CPU
		{0AB10FB3-E364-4292-A7F2-6D03ED2D1B6B}.Release|x86.ActiveCfg = Release|Any CPU
		{0AB10FB3-E364-4292-A7F2-6D03ED2D1B6B}.Release|x86.Build.0 = Release|Any CPU
		{CB72F23B-00AE-4DC1-A043-71BBD77520E1}.Debug|Any CPU.ActiveCfg = Debug|Any CPU
		{CB72F23B-00AE-4DC1-A043-71BBD77520E1}.Debug|Any CPU.Build.0 = Debug|Any CPU
		{CB72F23B-00AE-4DC1-A043-71BBD77520E1}.Debug|x64.ActiveCfg = Debug|Any CPU
		{CB72F23B-00AE-4DC1-A043-71BBD77520E1}.Debug|x64.Build.0 = Debug|Any CPU
		{CB72F23B-00AE-4DC1-A043-71BBD77520E1}.Debug|x86.ActiveCfg = Debug|Any CPU
		{CB72F23B-00AE-4DC1-A043-71BBD77520E1}.Debug|x86.Build.0 = Debug|Any CPU
		{CB72F23B-00AE-4DC1-A043-71BBD77520E1}.Release|Any CPU.ActiveCfg = Release|Any CPU
		{CB72F23B-00AE-4DC1-A043-71BBD77520E1}.Release|Any CPU.Build.0 = Release|Any CPU
		{CB72F23B-00AE-4DC1-A043-71BBD77520E1}.Release|x64.ActiveCfg = Release|Any CPU
		{CB72F23B-00AE-4DC1-A043-71BBD77520E1}.Release|x64.Build.0 = Release|Any CPU
		{CB72F23B-00AE-4DC1-A043-71BBD77520E1}.Release|x86.ActiveCfg = Release|Any CPU
		{CB72F23B-00AE-4DC1-A043-71BBD77520E1}.Release|x86.Build.0 = Release|Any CPU
	EndGlobalSection
	GlobalSection(SolutionProperties) = preSolution
		HideSolutionNode = FALSE
	EndGlobalSection
	GlobalSection(NestedProjects) = preSolution
		{81370C1E-B381-4424-AC1B-B953210FB636} = {D41DFE0B-89F2-4AAE-85D4-5F73C76B753D}
		{66D0D892-17D9-4B36-8B47-54BE73E32C40} = {CA7D9029-7495-4855-9859-1AFE3D166217}
		{1E6DD57F-87EA-46D9-95BC-D53D1A772D4F} = {66D0D892-17D9-4B36-8B47-54BE73E32C40}
		{FAE59354-D139-480E-92C4-CEBFA06893D6} = {1E6DD57F-87EA-46D9-95BC-D53D1A772D4F}
		{14360D7A-943E-4EBB-9E82-779831825A8D} = {1E6DD57F-87EA-46D9-95BC-D53D1A772D4F}
		{5807AADC-583F-4F84-BB17-155BF0337246} = {1E6DD57F-87EA-46D9-95BC-D53D1A772D4F}
		{D17FB8F7-79CA-4EDD-BE5A-AC4C0A8E6866} = {66D0D892-17D9-4B36-8B47-54BE73E32C40}
		{C9D89783-F930-45DD-B8CE-F308806AC53D} = {D17FB8F7-79CA-4EDD-BE5A-AC4C0A8E6866}
		{0D8FF19F-D911-4C27-895F-3B38ECF06101} = {D17FB8F7-79CA-4EDD-BE5A-AC4C0A8E6866}
		{8BE06515-F31A-4CCF-A280-DA491150AA43} = {D17FB8F7-79CA-4EDD-BE5A-AC4C0A8E6866}
		{62A4FE48-765C-4147-BDEF-6E3861BAA3F1} = {D41DFE0B-89F2-4AAE-85D4-5F73C76B753D}
		{470AF462-2059-4722-8B17-1EE0995966A1} = {62A4FE48-765C-4147-BDEF-6E3861BAA3F1}
		{4779B360-291A-4815-892C-F3321B161AB1} = {470AF462-2059-4722-8B17-1EE0995966A1}
		{C9DB277D-C952-470A-B246-0500569E0324} = {62A4FE48-765C-4147-BDEF-6E3861BAA3F1}
		{B83F9CE8-947F-4611-BE54-BFCF2D2806B3} = {C9DB277D-C952-470A-B246-0500569E0324}
		{E28FCA46-0C38-D7E6-2799-0447C6438019} = {808186BE-9BD0-DD1D-D574-36EEAD1E7F8F}
		{A6606F52-F3E0-EAD2-CEA8-893CD4319B9C} = {E28FCA46-0C38-D7E6-2799-0447C6438019}
		{BFD1CEEE-A855-462C-9441-400D4A17E927} = {A6606F52-F3E0-EAD2-CEA8-893CD4319B9C}
		{CB24644C-1F04-B96C-297A-B23FF9F2ED7D} = {E28FCA46-0C38-D7E6-2799-0447C6438019}
		{7631A481-85B3-475E-8679-01149D7E0777} = {CB24644C-1F04-B96C-297A-B23FF9F2ED7D}
		{E0C721AB-712D-A23A-833F-1A701F772259} = {D41DFE0B-89F2-4AAE-85D4-5F73C76B753D}
		{A322F8D6-4A52-97CB-DDBA-BED9EB0A07F2} = {E0C721AB-712D-A23A-833F-1A701F772259}
		{2F7CCD20-906B-4CF2-9383-D8221CC99E4B} = {A322F8D6-4A52-97CB-DDBA-BED9EB0A07F2}
		{E49B0AD9-0150-4B7A-B3F4-248271EC8436} = {A322F8D6-4A52-97CB-DDBA-BED9EB0A07F2}
		{EA25BB4A-18B6-8EE4-751F-F24CFD5EE510} = {E0C721AB-712D-A23A-833F-1A701F772259}
		{41B3236F-1109-44EC-99C5-79C231AE5700} = {EA25BB4A-18B6-8EE4-751F-F24CFD5EE510}
		{E49E3135-0BC3-4482-B177-78943B08B002} = {EA25BB4A-18B6-8EE4-751F-F24CFD5EE510}
		{0F3A1F61-392D-4051-AA99-5EA0E805B7E2} = {EA25BB4A-18B6-8EE4-751F-F24CFD5EE510}
		{71285BAD-63F1-428D-A93A-AD9629DD5D25} = {EA25BB4A-18B6-8EE4-751F-F24CFD5EE510}
		{D7381C6C-AB7F-4687-AFBE-18977269AFC2} = {C9DB277D-C952-470A-B246-0500569E0324}
		{6A1CC9D3-4619-4B83-8568-D94C5AA4C6C3} = {470AF462-2059-4722-8B17-1EE0995966A1}
		{64E616CD-28E3-4538-C187-5E8174279015} = {D41DFE0B-89F2-4AAE-85D4-5F73C76B753D}
		{FDFA69EE-67C3-487B-6624-82458CFFFC81} = {64E616CD-28E3-4538-C187-5E8174279015}
		{EE8D0395-65DE-4C09-B90E-682F433CFD3F} = {FDFA69EE-67C3-487B-6624-82458CFFFC81}
		{F96463B7-C162-4A1A-8EED-6C030F4B6512} = {FDFA69EE-67C3-487B-6624-82458CFFFC81}
		{74C7BBD9-310E-4BB7-863D-AA77CC1330B0} = {FDFA69EE-67C3-487B-6624-82458CFFFC81}
		{556EA142-1FA9-4BC7-A3EB-932400990725} = {FDFA69EE-67C3-487B-6624-82458CFFFC81}
		{D80EB5CF-65D1-4E90-889A-83AE690420FA} = {FDFA69EE-67C3-487B-6624-82458CFFFC81}
		{E14CA698-E097-43F5-86CD-A40524BD66D7} = {FDFA69EE-67C3-487B-6624-82458CFFFC81}
		{91A09384-C4BD-4B0E-84C5-9292769D312D} = {FDFA69EE-67C3-487B-6624-82458CFFFC81}
		{AA8801AE-E9C4-C140-61AA-407701466263} = {64E616CD-28E3-4538-C187-5E8174279015}
		{23F9BA4B-9AA2-4823-B2BA-78AE9D79B530} = {AA8801AE-E9C4-C140-61AA-407701466263}
		{85F58918-9685-4F03-AB7B-7A23D06DB199} = {AA8801AE-E9C4-C140-61AA-407701466263}
		{02FFC108-396D-448C-B0A0-9AB8F2B3CBD2} = {AA8801AE-E9C4-C140-61AA-407701466263}
		{64DD57D3-4DD9-47BE-894A-1CBA71DA9A3B} = {AA8801AE-E9C4-C140-61AA-407701466263}
		{946A9DF7-7486-4D5A-A746-B25D9B14346F} = {AA8801AE-E9C4-C140-61AA-407701466263}
		{2F5C8720-81A1-4A60-8B30-6BF4ECDB33CE} = {AA8801AE-E9C4-C140-61AA-407701466263}
		{0D06B7DA-9ADF-4981-B0BA-69ACF9307FE0} = {AA8801AE-E9C4-C140-61AA-407701466263}
		{16BE226A-5F4F-AA3F-EFC8-4087A4394AF6} = {D41DFE0B-89F2-4AAE-85D4-5F73C76B753D}
		{708D2106-727D-C766-9C85-5787742BAE1E} = {16BE226A-5F4F-AA3F-EFC8-4087A4394AF6}
		{7CD8559A-A7C2-4FCA-ABE7-9467CA6F05E9} = {708D2106-727D-C766-9C85-5787742BAE1E}
		{B3FF05DF-0936-452C-A2FA-EEF8E8668E51} = {708D2106-727D-C766-9C85-5787742BAE1E}
		{C5BBF1A0-B13D-43B0-9B57-E795CCD98D5E} = {708D2106-727D-C766-9C85-5787742BAE1E}
		{E75DA20B-1FF0-4141-A9B5-F98947C1683B} = {708D2106-727D-C766-9C85-5787742BAE1E}
		{9127B6A6-ADAF-467E-B872-029DBF5952B6} = {708D2106-727D-C766-9C85-5787742BAE1E}
		{A5BE03D4-279B-4ED5-831E-6C95AAB767C6} = {708D2106-727D-C766-9C85-5787742BAE1E}
		{C4705C5B-7E45-3617-7FE3-D17583F3B05F} = {16BE226A-5F4F-AA3F-EFC8-4087A4394AF6}
		{1C10D339-BD4D-4172-B283-D547CF34CC6F} = {C4705C5B-7E45-3617-7FE3-D17583F3B05F}
		{7DC19B8A-19B8-4D69-9B6D-5E18D463674A} = {C4705C5B-7E45-3617-7FE3-D17583F3B05F}
		{832AA6C5-B694-4545-AC5D-57C104DF7952} = {C4705C5B-7E45-3617-7FE3-D17583F3B05F}
		{A319FE98-1CD6-4D96-8E2D-701E68CAFE1A} = {C4705C5B-7E45-3617-7FE3-D17583F3B05F}
		{0AB10FB3-E364-4292-A7F2-6D03ED2D1B6B} = {C4705C5B-7E45-3617-7FE3-D17583F3B05F}
		{CB72F23B-00AE-4DC1-A043-71BBD77520E1} = {C4705C5B-7E45-3617-7FE3-D17583F3B05F}
	EndGlobalSection
EndGlobal
